// !$*UTF8*$!
{
	archiveVersion = 1;
	classes = {
	};
	objectVersion = 52;
	objects = {

/* Begin PBXBuildFile section */
		87089B5426E165F7007AA131 /* FirebaseAuthDatabase.swift in Sources */ = {isa = PBXBuildFile; fileRef = 87089B5326E165F7007AA131 /* FirebaseAuthDatabase.swift */; };
		87089B5726E166F3007AA131 /* AuthError.swift in Sources */ = {isa = PBXBuildFile; fileRef = 87089B5626E166F3007AA131 /* AuthError.swift */; };
		87089B5926E1671B007AA131 /* AuthResalt.swift in Sources */ = {isa = PBXBuildFile; fileRef = 87089B5826E1671B007AA131 /* AuthResalt.swift */; };
		87089B5B26E16739007AA131 /* UserError.swift in Sources */ = {isa = PBXBuildFile; fileRef = 87089B5A26E16739007AA131 /* UserError.swift */; };
		87089B5D26E1675D007AA131 /* Validators.swift in Sources */ = {isa = PBXBuildFile; fileRef = 87089B5C26E1675D007AA131 /* Validators.swift */; };
		87089B6026E167BC007AA131 /* PlaceModel.swift in Sources */ = {isa = PBXBuildFile; fileRef = 87089B5F26E167BC007AA131 /* PlaceModel.swift */; };
		87251AF826CD47CE00DC22A9 /* AppDelegate.swift in Sources */ = {isa = PBXBuildFile; fileRef = 87251AF726CD47CE00DC22A9 /* AppDelegate.swift */; };
		87251AFA26CD47CE00DC22A9 /* SceneDelegate.swift in Sources */ = {isa = PBXBuildFile; fileRef = 87251AF926CD47CE00DC22A9 /* SceneDelegate.swift */; };
		87251AFC26CD47CE00DC22A9 /* ContentView.swift in Sources */ = {isa = PBXBuildFile; fileRef = 87251AFB26CD47CE00DC22A9 /* ContentView.swift */; };
		87251AFF26CD47CE00DC22A9 /* Place_To_Place_b.xcdatamodeld in Sources */ = {isa = PBXBuildFile; fileRef = 87251AFD26CD47CE00DC22A9 /* Place_To_Place_b.xcdatamodeld */; };
		87251B0126CD47D200DC22A9 /* Assets.xcassets in Resources */ = {isa = PBXBuildFile; fileRef = 87251B0026CD47D200DC22A9 /* Assets.xcassets */; };
		87251B0426CD47D200DC22A9 /* Preview Assets.xcassets in Resources */ = {isa = PBXBuildFile; fileRef = 87251B0326CD47D200DC22A9 /* Preview Assets.xcassets */; };
		87251B0726CD47D200DC22A9 /* LaunchScreen.storyboard in Resources */ = {isa = PBXBuildFile; fileRef = 87251B0526CD47D200DC22A9 /* LaunchScreen.storyboard */; };
		87251B1226CD490300DC22A9 /* PageViev.swift in Sources */ = {isa = PBXBuildFile; fileRef = 87251B1126CD490300DC22A9 /* PageViev.swift */; };
		87251B1526CD530A00DC22A9 /* ColorExtansion.swift in Sources */ = {isa = PBXBuildFile; fileRef = 87251B1426CD530900DC22A9 /* ColorExtansion.swift */; };
		87251B2126CD634700DC22A9 /* TabViewPlace.swift in Sources */ = {isa = PBXBuildFile; fileRef = 87251B2026CD634700DC22A9 /* TabViewPlace.swift */; };
		87251B2326CD8B8200DC22A9 /* PlaceListMap.swift in Sources */ = {isa = PBXBuildFile; fileRef = 87251B2226CD8B8200DC22A9 /* PlaceListMap.swift */; };
		8725858727A3341E0037BA4C /* ListPlace.swift in Sources */ = {isa = PBXBuildFile; fileRef = 8725858627A3341E0037BA4C /* ListPlace.swift */; };
		873243E026DD5EB100E4F1FD /* RegisterView.swift in Sources */ = {isa = PBXBuildFile; fileRef = 873243DF26DD5EB100E4F1FD /* RegisterView.swift */; };
		873243E326DD66D400E4F1FD /* OpenGallary.swift in Sources */ = {isa = PBXBuildFile; fileRef = 873243E226DD66D400E4F1FD /* OpenGallary.swift */; };
		87393D6A27987DA3007E4A3B /* FirstPage.swift in Sources */ = {isa = PBXBuildFile; fileRef = 87393D6927987DA3007E4A3B /* FirstPage.swift */; };
		87393D6C27987DC4007E4A3B /* ScndPage.swift in Sources */ = {isa = PBXBuildFile; fileRef = 87393D6B27987DC4007E4A3B /* ScndPage.swift */; };
		87393D6E279880BE007E4A3B /* Indicator.swift in Sources */ = {isa = PBXBuildFile; fileRef = 87393D6D279880BE007E4A3B /* Indicator.swift */; };
		87500CB9273015D400C07818 /* FavoritCell.swift in Sources */ = {isa = PBXBuildFile; fileRef = 87500CB8273015D400C07818 /* FavoritCell.swift */; };
		87500CBD273148E900C07818 /* GoogleService-Info.plist in Resources */ = {isa = PBXBuildFile; fileRef = 87500CBC273148E900C07818 /* GoogleService-Info.plist */; };
		87500CC12731823F00C07818 /* Notifications.swift in Sources */ = {isa = PBXBuildFile; fileRef = 87500CC02731823F00C07818 /* Notifications.swift */; };
		8750A1A427D297FB00F0C892 /* TestButtonDelete.swift in Sources */ = {isa = PBXBuildFile; fileRef = 8750A1A327D297FB00F0C892 /* TestButtonDelete.swift */; };
		87534CB327AC00F0007A096C /* PhoneContactView.swift in Sources */ = {isa = PBXBuildFile; fileRef = 87534CB227AC00F0007A096C /* PhoneContactView.swift */; };
		875AE82C276BC002005CFE6B /* FirebaseAuth in Frameworks */ = {isa = PBXBuildFile; productRef = 875AE82B276BC002005CFE6B /* FirebaseAuth */; };
		875AE82E276BC008005CFE6B /* FirebaseDatabase in Frameworks */ = {isa = PBXBuildFile; productRef = 875AE82D276BC008005CFE6B /* FirebaseDatabase */; };
		875AE830276BC00F005CFE6B /* FirebaseFirestore in Frameworks */ = {isa = PBXBuildFile; productRef = 875AE82F276BC00F005CFE6B /* FirebaseFirestore */; };
		875AE832276BC018005CFE6B /* FirebaseMessaging in Frameworks */ = {isa = PBXBuildFile; productRef = 875AE831276BC018005CFE6B /* FirebaseMessaging */; };
		875AE834276BC020005CFE6B /* FirebaseStorage in Frameworks */ = {isa = PBXBuildFile; productRef = 875AE833276BC020005CFE6B /* FirebaseStorage */; };
		875AE836276BC592005CFE6B /* PresentImage.swift in Sources */ = {isa = PBXBuildFile; fileRef = 875AE835276BC592005CFE6B /* PresentImage.swift */; };
		875AE838276D2A53005CFE6B /* ComentsView.swift in Sources */ = {isa = PBXBuildFile; fileRef = 875AE837276D2A53005CFE6B /* ComentsView.swift */; };
		8761F856279203C8005695BD /* MainMessagesView.swift in Sources */ = {isa = PBXBuildFile; fileRef = 8761F855279203C8005695BD /* MainMessagesView.swift */; };
		8761F85927920405005695BD /* ChatLogView.swift in Sources */ = {isa = PBXBuildFile; fileRef = 8761F85827920405005695BD /* ChatLogView.swift */; };
		8761F85C2792045A005695BD /* CreateNewMessageView.swift in Sources */ = {isa = PBXBuildFile; fileRef = 8761F85B2792045A005695BD /* CreateNewMessageView.swift */; };
		8761F85E279204C4005695BD /* ChatUsers.swift in Sources */ = {isa = PBXBuildFile; fileRef = 8761F85D279204C4005695BD /* ChatUsers.swift */; };
		8761F860279204DB005695BD /* FirebaseStatic.swift in Sources */ = {isa = PBXBuildFile; fileRef = 8761F85F279204DB005695BD /* FirebaseStatic.swift */; };
		8761F862279204F1005695BD /* ChatMessage.swift in Sources */ = {isa = PBXBuildFile; fileRef = 8761F861279204F1005695BD /* ChatMessage.swift */; };
		8761F86427920509005695BD /* ChatLogViewModel.swift in Sources */ = {isa = PBXBuildFile; fileRef = 8761F86327920509005695BD /* ChatLogViewModel.swift */; };
		8761F86627920526005695BD /* CreateNewMessageViewModel.swift in Sources */ = {isa = PBXBuildFile; fileRef = 8761F86527920526005695BD /* CreateNewMessageViewModel.swift */; };
		8761F8682792053D005695BD /* RecentMessage.swift in Sources */ = {isa = PBXBuildFile; fileRef = 8761F8672792053D005695BD /* RecentMessage.swift */; };
		8761F86A27920553005695BD /* MainMessagesViewModel.swift in Sources */ = {isa = PBXBuildFile; fileRef = 8761F86927920553005695BD /* MainMessagesViewModel.swift */; };
		8771C07F270CD03300830908 /* UserSetings.swift in Sources */ = {isa = PBXBuildFile; fileRef = 8771C07E270CD03300830908 /* UserSetings.swift */; };
		877728F92703AF5400AB244B /* StarsRatingView.swift in Sources */ = {isa = PBXBuildFile; fileRef = 877728F82703AF5400AB244B /* StarsRatingView.swift */; };
		877C910F26F4E72700452FD1 /* NewPlaceView.swift in Sources */ = {isa = PBXBuildFile; fileRef = 877C910E26F4E72700452FD1 /* NewPlaceView.swift */; };
		877D8F2027AC1ABC00415272 /* ToggleContacts.swift in Sources */ = {isa = PBXBuildFile; fileRef = 877D8F1F27AC1ABC00415272 /* ToggleContacts.swift */; };
		879512A826E7DF6500DFD212 /* FirebaseData.swift in Sources */ = {isa = PBXBuildFile; fileRef = 879512A726E7DF6500DFD212 /* FirebaseData.swift */; };
		879512AA26E7E1E600DFD212 /* UserModel.swift in Sources */ = {isa = PBXBuildFile; fileRef = 879512A926E7E1E600DFD212 /* UserModel.swift */; };
		879512AC26E8028400DFD212 /* FavoritList.swift in Sources */ = {isa = PBXBuildFile; fileRef = 879512AB26E8028400DFD212 /* FavoritList.swift */; };
		879512AE26EA84EF00DFD212 /* Extansion-NavigationView.swift in Sources */ = {isa = PBXBuildFile; fileRef = 879512AD26EA84EF00DFD212 /* Extansion-NavigationView.swift */; };
		879512B026EA904500DFD212 /* PlaceAnnatation.swift in Sources */ = {isa = PBXBuildFile; fileRef = 879512AF26EA904500DFD212 /* PlaceAnnatation.swift */; };
		879512B226EA9E5100DFD212 /* PlaceDetals.swift in Sources */ = {isa = PBXBuildFile; fileRef = 879512B126EA9E5100DFD212 /* PlaceDetals.swift */; };
		879AC004278C624200ABDD72 /* SDWebImageSwiftUI in Frameworks */ = {isa = PBXBuildFile; productRef = 879AC003278C624200ABDD72 /* SDWebImageSwiftUI */; };
		879B2090275E512600DEEC90 /* ImagePicker.swift in Sources */ = {isa = PBXBuildFile; fileRef = 879B208F275E512600DEEC90 /* ImagePicker.swift */; };
		87A9FCDB2799C56900BC90FA /* LaunchScrinView.swift in Sources */ = {isa = PBXBuildFile; fileRef = 87A9FCDA2799C56900BC90FA /* LaunchScrinView.swift */; };
		87B25E0426D03BBF0008C719 /* PolicyView.swift in Sources */ = {isa = PBXBuildFile; fileRef = 87B25E0326D03BBF0008C719 /* PolicyView.swift */; };
		87B25E0826D03EA20008C719 /* WebViewRepresentebel.swift in Sources */ = {isa = PBXBuildFile; fileRef = 87B25E0726D03EA20008C719 /* WebViewRepresentebel.swift */; };
		87C1FB4A27A5779800F9BB26 /* PlaceDetalsViewModel.swift in Sources */ = {isa = PBXBuildFile; fileRef = 87C1FB4927A5779800F9BB26 /* PlaceDetalsViewModel.swift */; };
		87CE923F27D0C61B0058C2D7 /* NetworkExtension.framework in Frameworks */ = {isa = PBXBuildFile; fileRef = 87CE923E27D0C61B0058C2D7 /* NetworkExtension.framework */; };
		87D0204826FBCC3400C22D55 /* CategoryModel.swift in Sources */ = {isa = PBXBuildFile; fileRef = 87D0204726FBCC3400C22D55 /* CategoryModel.swift */; };
		87D0204C26FBD3A100C22D55 /* CategoryView.swift in Sources */ = {isa = PBXBuildFile; fileRef = 87D0204B26FBD3A100C22D55 /* CategoryView.swift */; };
		87D0204E26FE820200C22D55 /* UrlImageView.swift in Sources */ = {isa = PBXBuildFile; fileRef = 87D0204D26FE820100C22D55 /* UrlImageView.swift */; };
		87DA93A42757B2B700451433 /* PlacePresent.swift in Sources */ = {isa = PBXBuildFile; fileRef = 87DA93A32757B2B700451433 /* PlacePresent.swift */; };
		87DA93A62757B2D700451433 /* MapViewModelPresent.swift in Sources */ = {isa = PBXBuildFile; fileRef = 87DA93A52757B2D700451433 /* MapViewModelPresent.swift */; };
		87DA93A82757B2F600451433 /* HomeMapPresent.swift in Sources */ = {isa = PBXBuildFile; fileRef = 87DA93A72757B2F600451433 /* HomeMapPresent.swift */; };
		87DA93AA2757B31400451433 /* MapViewPresent.swift in Sources */ = {isa = PBXBuildFile; fileRef = 87DA93A92757B31400451433 /* MapViewPresent.swift */; };
		87FD31C5273E43C0000C21E0 /* StaticFille.swift in Sources */ = {isa = PBXBuildFile; fileRef = 87FD31C4273E43C0000C21E0 /* StaticFille.swift */; };
		87FD31C7273EB466000C21E0 /* MapViewPresentBetta.swift in Sources */ = {isa = PBXBuildFile; fileRef = 87FD31C6273EB466000C21E0 /* MapViewPresentBetta.swift */; };
/* End PBXBuildFile section */

/* Begin PBXFileReference section */
		87089B5326E165F7007AA131 /* FirebaseAuthDatabase.swift */ = {isa = PBXFileReference; lastKnownFileType = sourcecode.swift; path = FirebaseAuthDatabase.swift; sourceTree = "<group>"; };
		87089B5626E166F3007AA131 /* AuthError.swift */ = {isa = PBXFileReference; lastKnownFileType = sourcecode.swift; path = AuthError.swift; sourceTree = "<group>"; };
		87089B5826E1671B007AA131 /* AuthResalt.swift */ = {isa = PBXFileReference; lastKnownFileType = sourcecode.swift; path = AuthResalt.swift; sourceTree = "<group>"; };
		87089B5A26E16739007AA131 /* UserError.swift */ = {isa = PBXFileReference; lastKnownFileType = sourcecode.swift; path = UserError.swift; sourceTree = "<group>"; };
		87089B5C26E1675D007AA131 /* Validators.swift */ = {isa = PBXFileReference; lastKnownFileType = sourcecode.swift; path = Validators.swift; sourceTree = "<group>"; };
		87089B5F26E167BC007AA131 /* PlaceModel.swift */ = {isa = PBXFileReference; lastKnownFileType = sourcecode.swift; path = PlaceModel.swift; sourceTree = "<group>"; };
		87251AF426CD47CE00DC22A9 /* Place-To-Place.app */ = {isa = PBXFileReference; explicitFileType = wrapper.application; includeInIndex = 0; path = "Place-To-Place.app"; sourceTree = BUILT_PRODUCTS_DIR; };
		87251AF726CD47CE00DC22A9 /* AppDelegate.swift */ = {isa = PBXFileReference; lastKnownFileType = sourcecode.swift; path = AppDelegate.swift; sourceTree = "<group>"; };
		87251AF926CD47CE00DC22A9 /* SceneDelegate.swift */ = {isa = PBXFileReference; lastKnownFileType = sourcecode.swift; path = SceneDelegate.swift; sourceTree = "<group>"; };
		87251AFB26CD47CE00DC22A9 /* ContentView.swift */ = {isa = PBXFileReference; lastKnownFileType = sourcecode.swift; path = ContentView.swift; sourceTree = "<group>"; };
		87251AFE26CD47CE00DC22A9 /* Place_To_Place_b.xcdatamodel */ = {isa = PBXFileReference; lastKnownFileType = wrapper.xcdatamodel; path = Place_To_Place_b.xcdatamodel; sourceTree = "<group>"; };
		87251B0026CD47D200DC22A9 /* Assets.xcassets */ = {isa = PBXFileReference; lastKnownFileType = folder.assetcatalog; path = Assets.xcassets; sourceTree = "<group>"; };
		87251B0326CD47D200DC22A9 /* Preview Assets.xcassets */ = {isa = PBXFileReference; lastKnownFileType = folder.assetcatalog; path = "Preview Assets.xcassets"; sourceTree = "<group>"; };
		87251B0626CD47D200DC22A9 /* Base */ = {isa = PBXFileReference; lastKnownFileType = file.storyboard; name = Base; path = Base.lproj/LaunchScreen.storyboard; sourceTree = "<group>"; };
		87251B0826CD47D200DC22A9 /* Info.plist */ = {isa = PBXFileReference; lastKnownFileType = text.plist.xml; path = Info.plist; sourceTree = "<group>"; };
		87251B1126CD490300DC22A9 /* PageViev.swift */ = {isa = PBXFileReference; lastKnownFileType = sourcecode.swift; path = PageViev.swift; sourceTree = "<group>"; };
		87251B1426CD530900DC22A9 /* ColorExtansion.swift */ = {isa = PBXFileReference; lastKnownFileType = sourcecode.swift; path = ColorExtansion.swift; sourceTree = "<group>"; };
		87251B2026CD634700DC22A9 /* TabViewPlace.swift */ = {isa = PBXFileReference; lastKnownFileType = sourcecode.swift; path = TabViewPlace.swift; sourceTree = "<group>"; };
		87251B2226CD8B8200DC22A9 /* PlaceListMap.swift */ = {isa = PBXFileReference; lastKnownFileType = sourcecode.swift; path = PlaceListMap.swift; sourceTree = "<group>"; };
		8725858627A3341E0037BA4C /* ListPlace.swift */ = {isa = PBXFileReference; lastKnownFileType = sourcecode.swift; path = ListPlace.swift; sourceTree = "<group>"; };
		873243DF26DD5EB100E4F1FD /* RegisterView.swift */ = {isa = PBXFileReference; lastKnownFileType = sourcecode.swift; path = RegisterView.swift; sourceTree = "<group>"; };
		873243E226DD66D400E4F1FD /* OpenGallary.swift */ = {isa = PBXFileReference; lastKnownFileType = sourcecode.swift; path = OpenGallary.swift; sourceTree = "<group>"; };
		87393D6927987DA3007E4A3B /* FirstPage.swift */ = {isa = PBXFileReference; lastKnownFileType = sourcecode.swift; path = FirstPage.swift; sourceTree = "<group>"; };
		87393D6B27987DC4007E4A3B /* ScndPage.swift */ = {isa = PBXFileReference; lastKnownFileType = sourcecode.swift; path = ScndPage.swift; sourceTree = "<group>"; };
		87393D6D279880BE007E4A3B /* Indicator.swift */ = {isa = PBXFileReference; lastKnownFileType = sourcecode.swift; path = Indicator.swift; sourceTree = "<group>"; };
		87500CB8273015D400C07818 /* FavoritCell.swift */ = {isa = PBXFileReference; lastKnownFileType = sourcecode.swift; path = FavoritCell.swift; sourceTree = "<group>"; };
		87500CBC273148E900C07818 /* GoogleService-Info.plist */ = {isa = PBXFileReference; fileEncoding = 4; lastKnownFileType = text.plist.xml; name = "GoogleService-Info.plist"; path = "../../файлфаербасе/GoogleService-Info.plist"; sourceTree = "<group>"; };
		87500CC02731823F00C07818 /* Notifications.swift */ = {isa = PBXFileReference; lastKnownFileType = sourcecode.swift; path = Notifications.swift; sourceTree = "<group>"; };
		8750A1A327D297FB00F0C892 /* TestButtonDelete.swift */ = {isa = PBXFileReference; lastKnownFileType = sourcecode.swift; path = TestButtonDelete.swift; sourceTree = "<group>"; };
		87534CB227AC00F0007A096C /* PhoneContactView.swift */ = {isa = PBXFileReference; lastKnownFileType = sourcecode.swift; path = PhoneContactView.swift; sourceTree = "<group>"; };
		875AE835276BC592005CFE6B /* PresentImage.swift */ = {isa = PBXFileReference; lastKnownFileType = sourcecode.swift; path = PresentImage.swift; sourceTree = "<group>"; };
		875AE837276D2A53005CFE6B /* ComentsView.swift */ = {isa = PBXFileReference; lastKnownFileType = sourcecode.swift; path = ComentsView.swift; sourceTree = "<group>"; };
		8761F855279203C8005695BD /* MainMessagesView.swift */ = {isa = PBXFileReference; lastKnownFileType = sourcecode.swift; path = MainMessagesView.swift; sourceTree = "<group>"; };
		8761F85827920405005695BD /* ChatLogView.swift */ = {isa = PBXFileReference; lastKnownFileType = sourcecode.swift; path = ChatLogView.swift; sourceTree = "<group>"; };
		8761F85B2792045A005695BD /* CreateNewMessageView.swift */ = {isa = PBXFileReference; lastKnownFileType = sourcecode.swift; path = CreateNewMessageView.swift; sourceTree = "<group>"; };
		8761F85D279204C4005695BD /* ChatUsers.swift */ = {isa = PBXFileReference; lastKnownFileType = sourcecode.swift; path = ChatUsers.swift; sourceTree = "<group>"; };
		8761F85F279204DB005695BD /* FirebaseStatic.swift */ = {isa = PBXFileReference; lastKnownFileType = sourcecode.swift; path = FirebaseStatic.swift; sourceTree = "<group>"; };
		8761F861279204F1005695BD /* ChatMessage.swift */ = {isa = PBXFileReference; lastKnownFileType = sourcecode.swift; path = ChatMessage.swift; sourceTree = "<group>"; };
		8761F86327920509005695BD /* ChatLogViewModel.swift */ = {isa = PBXFileReference; lastKnownFileType = sourcecode.swift; path = ChatLogViewModel.swift; sourceTree = "<group>"; };
		8761F86527920526005695BD /* CreateNewMessageViewModel.swift */ = {isa = PBXFileReference; lastKnownFileType = sourcecode.swift; path = CreateNewMessageViewModel.swift; sourceTree = "<group>"; };
		8761F8672792053D005695BD /* RecentMessage.swift */ = {isa = PBXFileReference; lastKnownFileType = sourcecode.swift; path = RecentMessage.swift; sourceTree = "<group>"; };
		8761F86927920553005695BD /* MainMessagesViewModel.swift */ = {isa = PBXFileReference; lastKnownFileType = sourcecode.swift; path = MainMessagesViewModel.swift; sourceTree = "<group>"; };
		8771C07E270CD03300830908 /* UserSetings.swift */ = {isa = PBXFileReference; lastKnownFileType = sourcecode.swift; path = UserSetings.swift; sourceTree = "<group>"; };
		877728F82703AF5400AB244B /* StarsRatingView.swift */ = {isa = PBXFileReference; lastKnownFileType = sourcecode.swift; path = StarsRatingView.swift; sourceTree = "<group>"; };
		877C910E26F4E72700452FD1 /* NewPlaceView.swift */ = {isa = PBXFileReference; lastKnownFileType = sourcecode.swift; path = NewPlaceView.swift; sourceTree = "<group>"; };
		877D8F1F27AC1ABC00415272 /* ToggleContacts.swift */ = {isa = PBXFileReference; lastKnownFileType = sourcecode.swift; path = ToggleContacts.swift; sourceTree = "<group>"; };
		879512A726E7DF6500DFD212 /* FirebaseData.swift */ = {isa = PBXFileReference; lastKnownFileType = sourcecode.swift; path = FirebaseData.swift; sourceTree = "<group>"; };
		879512A926E7E1E600DFD212 /* UserModel.swift */ = {isa = PBXFileReference; lastKnownFileType = sourcecode.swift; path = UserModel.swift; sourceTree = "<group>"; };
		879512AB26E8028400DFD212 /* FavoritList.swift */ = {isa = PBXFileReference; lastKnownFileType = sourcecode.swift; path = FavoritList.swift; sourceTree = "<group>"; };
		879512AD26EA84EF00DFD212 /* Extansion-NavigationView.swift */ = {isa = PBXFileReference; lastKnownFileType = sourcecode.swift; path = "Extansion-NavigationView.swift"; sourceTree = "<group>"; };
		879512AF26EA904500DFD212 /* PlaceAnnatation.swift */ = {isa = PBXFileReference; lastKnownFileType = sourcecode.swift; path = PlaceAnnatation.swift; sourceTree = "<group>"; };
		879512B126EA9E5100DFD212 /* PlaceDetals.swift */ = {isa = PBXFileReference; lastKnownFileType = sourcecode.swift; path = PlaceDetals.swift; sourceTree = "<group>"; };
		879B208F275E512600DEEC90 /* ImagePicker.swift */ = {isa = PBXFileReference; lastKnownFileType = sourcecode.swift; path = ImagePicker.swift; sourceTree = "<group>"; };
		87A9FCDA2799C56900BC90FA /* LaunchScrinView.swift */ = {isa = PBXFileReference; lastKnownFileType = sourcecode.swift; path = LaunchScrinView.swift; sourceTree = "<group>"; };
		87B25E0326D03BBF0008C719 /* PolicyView.swift */ = {isa = PBXFileReference; lastKnownFileType = sourcecode.swift; path = PolicyView.swift; sourceTree = "<group>"; };
		87B25E0726D03EA20008C719 /* WebViewRepresentebel.swift */ = {isa = PBXFileReference; lastKnownFileType = sourcecode.swift; path = WebViewRepresentebel.swift; sourceTree = "<group>"; };
		87C1FB4927A5779800F9BB26 /* PlaceDetalsViewModel.swift */ = {isa = PBXFileReference; lastKnownFileType = sourcecode.swift; path = PlaceDetalsViewModel.swift; sourceTree = "<group>"; };
		87CE923E27D0C61B0058C2D7 /* NetworkExtension.framework */ = {isa = PBXFileReference; lastKnownFileType = wrapper.framework; name = NetworkExtension.framework; path = System/Library/Frameworks/NetworkExtension.framework; sourceTree = SDKROOT; };
		87D0204726FBCC3400C22D55 /* CategoryModel.swift */ = {isa = PBXFileReference; lastKnownFileType = sourcecode.swift; path = CategoryModel.swift; sourceTree = "<group>"; };
		87D0204B26FBD3A100C22D55 /* CategoryView.swift */ = {isa = PBXFileReference; lastKnownFileType = sourcecode.swift; path = CategoryView.swift; sourceTree = "<group>"; };
		87D0204D26FE820100C22D55 /* UrlImageView.swift */ = {isa = PBXFileReference; lastKnownFileType = sourcecode.swift; path = UrlImageView.swift; sourceTree = "<group>"; };
		87DA93A32757B2B700451433 /* PlacePresent.swift */ = {isa = PBXFileReference; lastKnownFileType = sourcecode.swift; path = PlacePresent.swift; sourceTree = "<group>"; };
		87DA93A52757B2D700451433 /* MapViewModelPresent.swift */ = {isa = PBXFileReference; lastKnownFileType = sourcecode.swift; path = MapViewModelPresent.swift; sourceTree = "<group>"; };
		87DA93A72757B2F600451433 /* HomeMapPresent.swift */ = {isa = PBXFileReference; lastKnownFileType = sourcecode.swift; path = HomeMapPresent.swift; sourceTree = "<group>"; };
		87DA93A92757B31400451433 /* MapViewPresent.swift */ = {isa = PBXFileReference; lastKnownFileType = sourcecode.swift; path = MapViewPresent.swift; sourceTree = "<group>"; };
		87FD31C4273E43C0000C21E0 /* StaticFille.swift */ = {isa = PBXFileReference; lastKnownFileType = sourcecode.swift; path = StaticFille.swift; sourceTree = "<group>"; };
		87FD31C6273EB466000C21E0 /* MapViewPresentBetta.swift */ = {isa = PBXFileReference; lastKnownFileType = sourcecode.swift; path = MapViewPresentBetta.swift; sourceTree = "<group>"; };
/* End PBXFileReference section */

/* Begin PBXFrameworksBuildPhase section */
		87251AF126CD47CE00DC22A9 /* Frameworks */ = {
			isa = PBXFrameworksBuildPhase;
			buildActionMask = 2147483647;
			files = (
				879AC004278C624200ABDD72 /* SDWebImageSwiftUI in Frameworks */,
				875AE82E276BC008005CFE6B /* FirebaseDatabase in Frameworks */,
				875AE830276BC00F005CFE6B /* FirebaseFirestore in Frameworks */,
				875AE832276BC018005CFE6B /* FirebaseMessaging in Frameworks */,
				875AE82C276BC002005CFE6B /* FirebaseAuth in Frameworks */,
				875AE834276BC020005CFE6B /* FirebaseStorage in Frameworks */,
				87CE923F27D0C61B0058C2D7 /* NetworkExtension.framework in Frameworks */,
			);
			runOnlyForDeploymentPostprocessing = 0;
		};
/* End PBXFrameworksBuildPhase section */

/* Begin PBXGroup section */
		87089B5226E16517007AA131 /* Firebase-Auth-Database */ = {
			isa = PBXGroup;
			children = (
				87089B5326E165F7007AA131 /* FirebaseAuthDatabase.swift */,
				879512A726E7DF6500DFD212 /* FirebaseData.swift */,
			);
			path = "Firebase-Auth-Database";
			sourceTree = "<group>";
		};
		87089B5E26E1679C007AA131 /* Model */ = {
			isa = PBXGroup;
			children = (
				8761F84F27920228005695BD /* ChatModel */,
				87089B5F26E167BC007AA131 /* PlaceModel.swift */,
				87C1FB4927A5779800F9BB26 /* PlaceDetalsViewModel.swift */,
				879512A926E7E1E600DFD212 /* UserModel.swift */,
				879512AF26EA904500DFD212 /* PlaceAnnatation.swift */,
				87D0204726FBCC3400C22D55 /* CategoryModel.swift */,
				87D0204D26FE820100C22D55 /* UrlImageView.swift */,
			);
			path = Model;
			sourceTree = "<group>";
		};
		872253E82760E13400731765 /* NewPlace */ = {
			isa = PBXGroup;
			children = (
				879B208F275E512600DEEC90 /* ImagePicker.swift */,
				877D8F1F27AC1ABC00415272 /* ToggleContacts.swift */,
				87534CB227AC00F0007A096C /* PhoneContactView.swift */,
				877C910E26F4E72700452FD1 /* NewPlaceView.swift */,
				87DA93A22757B26B00451433 /* MapPlacePresent */,
			);
			path = NewPlace;
			sourceTree = "<group>";
		};
		872253E92760E1CE00731765 /* UserSetings */ = {
			isa = PBXGroup;
			children = (
				8771C07E270CD03300830908 /* UserSetings.swift */,
			);
			path = UserSetings;
			sourceTree = "<group>";
		};
		872253EA2760E78100731765 /* FavoritView */ = {
			isa = PBXGroup;
			children = (
				87500CB8273015D400C07818 /* FavoritCell.swift */,
				879512AB26E8028400DFD212 /* FavoritList.swift */,
			);
			path = FavoritView;
			sourceTree = "<group>";
		};
		87251AEB26CD47CE00DC22A9 = {
			isa = PBXGroup;
			children = (
				87251AF626CD47CE00DC22A9 /* Place-To-Place-b */,
				87251AF526CD47CE00DC22A9 /* Products */,
				87CE923D27D0C61B0058C2D7 /* Frameworks */,
			);
			sourceTree = "<group>";
		};
		87251AF526CD47CE00DC22A9 /* Products */ = {
			isa = PBXGroup;
			children = (
				87251AF426CD47CE00DC22A9 /* Place-To-Place.app */,
			);
			name = Products;
			sourceTree = "<group>";
		};
		87251AF626CD47CE00DC22A9 /* Place-To-Place-b */ = {
			isa = PBXGroup;
			children = (
				87089B5E26E1679C007AA131 /* Model */,
				87089B5226E16517007AA131 /* Firebase-Auth-Database */,
				873243E126DD669200E4F1FD /* Helper */,
				87B25E0926D050AD0008C719 /* LoginRegister */,
				87B25E0526D03C030008C719 /* StartView */,
				87251B1F26CD632000DC22A9 /* TabView */,
				87251B1326CD52E700DC22A9 /* Extansion */,
				87B25E0A26D051250008C719 /* SuportingFile */,
				87251B0826CD47D200DC22A9 /* Info.plist */,
				87251AFD26CD47CE00DC22A9 /* Place_To_Place_b.xcdatamodeld */,
				87500CBC273148E900C07818 /* GoogleService-Info.plist */,
				87251B0226CD47D200DC22A9 /* Preview Content */,
			);
			path = "Place-To-Place-b";
			sourceTree = "<group>";
		};
		87251B0226CD47D200DC22A9 /* Preview Content */ = {
			isa = PBXGroup;
			children = (
				87251B0326CD47D200DC22A9 /* Preview Assets.xcassets */,
			);
			path = "Preview Content";
			sourceTree = "<group>";
		};
		87251B1026CD48D500DC22A9 /* PageView */ = {
			isa = PBXGroup;
			children = (
				87251B1126CD490300DC22A9 /* PageViev.swift */,
				87B25E0326D03BBF0008C719 /* PolicyView.swift */,
				87A9FCDA2799C56900BC90FA /* LaunchScrinView.swift */,
			);
			path = PageView;
			sourceTree = "<group>";
		};
		87251B1326CD52E700DC22A9 /* Extansion */ = {
			isa = PBXGroup;
			children = (
				87251B1426CD530900DC22A9 /* ColorExtansion.swift */,
				879512AD26EA84EF00DFD212 /* Extansion-NavigationView.swift */,
			);
			path = Extansion;
			sourceTree = "<group>";
		};
		87251B1F26CD632000DC22A9 /* TabView */ = {
			isa = PBXGroup;
			children = (
				87251B2026CD634700DC22A9 /* TabViewPlace.swift */,
				87D0204B26FBD3A100C22D55 /* CategoryView.swift */,
				87B25E0B26D051600008C719 /* PlaceList */,
				872253EA2760E78100731765 /* FavoritView */,
				872253E82760E13400731765 /* NewPlace */,
				8761F8502792026A005695BD /* ChatApp */,
				872253E92760E1CE00731765 /* UserSetings */,
			);
			path = TabView;
			sourceTree = "<group>";
		};
		873243E126DD669200E4F1FD /* Helper */ = {
			isa = PBXGroup;
			children = (
				873243E226DD66D400E4F1FD /* OpenGallary.swift */,
				87089B5626E166F3007AA131 /* AuthError.swift */,
				87089B5826E1671B007AA131 /* AuthResalt.swift */,
				87089B5A26E16739007AA131 /* UserError.swift */,
				87089B5C26E1675D007AA131 /* Validators.swift */,
			);
			path = Helper;
			sourceTree = "<group>";
		};
		87393D6827987D60007E4A3B /* PhoneVerification */ = {
			isa = PBXGroup;
			children = (
				87393D6927987DA3007E4A3B /* FirstPage.swift */,
				87393D6B27987DC4007E4A3B /* ScndPage.swift */,
				87393D6D279880BE007E4A3B /* Indicator.swift */,
			);
			path = PhoneVerification;
			sourceTree = "<group>";
		};
		8761F84F27920228005695BD /* ChatModel */ = {
			isa = PBXGroup;
			children = (
				8761F85D279204C4005695BD /* ChatUsers.swift */,
				8761F85F279204DB005695BD /* FirebaseStatic.swift */,
				8761F861279204F1005695BD /* ChatMessage.swift */,
				8761F86327920509005695BD /* ChatLogViewModel.swift */,
				8761F86527920526005695BD /* CreateNewMessageViewModel.swift */,
				8761F8672792053D005695BD /* RecentMessage.swift */,
				8761F86927920553005695BD /* MainMessagesViewModel.swift */,
			);
			path = ChatModel;
			sourceTree = "<group>";
		};
		8761F8502792026A005695BD /* ChatApp */ = {
			isa = PBXGroup;
			children = (
				8761F857279203E1005695BD /* Chat */,
				8761F85A27920430005695BD /* NewMessage */,
				8761F854279203A8005695BD /* MainMessages */,
			);
			path = ChatApp;
			sourceTree = "<group>";
		};
		8761F854279203A8005695BD /* MainMessages */ = {
			isa = PBXGroup;
			children = (
				8761F855279203C8005695BD /* MainMessagesView.swift */,
			);
			path = MainMessages;
			sourceTree = "<group>";
		};
		8761F857279203E1005695BD /* Chat */ = {
			isa = PBXGroup;
			children = (
				8761F85827920405005695BD /* ChatLogView.swift */,
			);
			path = Chat;
			sourceTree = "<group>";
		};
		8761F85A27920430005695BD /* NewMessage */ = {
			isa = PBXGroup;
			children = (
				8761F85B2792045A005695BD /* CreateNewMessageView.swift */,
			);
			path = NewMessage;
			sourceTree = "<group>";
		};
		87B25E0526D03C030008C719 /* StartView */ = {
			isa = PBXGroup;
			children = (
				87B25E0626D03E510008C719 /* UIKit-WebView */,
				87251B1026CD48D500DC22A9 /* PageView */,
				87251AFB26CD47CE00DC22A9 /* ContentView.swift */,
			);
			path = StartView;
			sourceTree = "<group>";
		};
		87B25E0626D03E510008C719 /* UIKit-WebView */ = {
			isa = PBXGroup;
			children = (
				87B25E0726D03EA20008C719 /* WebViewRepresentebel.swift */,
			);
			path = "UIKit-WebView";
			sourceTree = "<group>";
		};
		87B25E0926D050AD0008C719 /* LoginRegister */ = {
			isa = PBXGroup;
			children = (
				87393D6827987D60007E4A3B /* PhoneVerification */,
				873243DF26DD5EB100E4F1FD /* RegisterView.swift */,
			);
			path = LoginRegister;
			sourceTree = "<group>";
		};
		87B25E0A26D051250008C719 /* SuportingFile */ = {
			isa = PBXGroup;
			children = (
				87251AF726CD47CE00DC22A9 /* AppDelegate.swift */,
				87251AF926CD47CE00DC22A9 /* SceneDelegate.swift */,
				87500CC02731823F00C07818 /* Notifications.swift */,
				87FD31C4273E43C0000C21E0 /* StaticFille.swift */,
				87251B0026CD47D200DC22A9 /* Assets.xcassets */,
				87251B0526CD47D200DC22A9 /* LaunchScreen.storyboard */,
			);
			path = SuportingFile;
			sourceTree = "<group>";
		};
		87B25E0B26D051600008C719 /* PlaceList */ = {
			isa = PBXGroup;
			children = (
				87251B2226CD8B8200DC22A9 /* PlaceListMap.swift */,
				8750A1A327D297FB00F0C892 /* TestButtonDelete.swift */,
				8725858627A3341E0037BA4C /* ListPlace.swift */,
				879512B126EA9E5100DFD212 /* PlaceDetals.swift */,
				877728F82703AF5400AB244B /* StarsRatingView.swift */,
				875AE835276BC592005CFE6B /* PresentImage.swift */,
				875AE837276D2A53005CFE6B /* ComentsView.swift */,
			);
			path = PlaceList;
			sourceTree = "<group>";
		};
		87CE923D27D0C61B0058C2D7 /* Frameworks */ = {
			isa = PBXGroup;
			children = (
				87CE923E27D0C61B0058C2D7 /* NetworkExtension.framework */,
			);
			name = Frameworks;
			sourceTree = "<group>";
		};
		87DA93A22757B26B00451433 /* MapPlacePresent */ = {
			isa = PBXGroup;
			children = (
				87FD31C6273EB466000C21E0 /* MapViewPresentBetta.swift */,
				87DA93A32757B2B700451433 /* PlacePresent.swift */,
				87DA93A52757B2D700451433 /* MapViewModelPresent.swift */,
				87DA93A72757B2F600451433 /* HomeMapPresent.swift */,
				87DA93A92757B31400451433 /* MapViewPresent.swift */,
			);
			path = MapPlacePresent;
			sourceTree = "<group>";
		};
/* End PBXGroup section */

/* Begin PBXNativeTarget section */
		87251AF326CD47CE00DC22A9 /* Place-To-Place */ = {
			isa = PBXNativeTarget;
			buildConfigurationList = 87251B0B26CD47D200DC22A9 /* Build configuration list for PBXNativeTarget "Place-To-Place" */;
			buildPhases = (
				87251AF026CD47CE00DC22A9 /* Sources */,
				87251AF126CD47CE00DC22A9 /* Frameworks */,
				87251AF226CD47CE00DC22A9 /* Resources */,
			);
			buildRules = (
			);
			dependencies = (
			);
			name = "Place-To-Place";
			packageProductDependencies = (
				875AE82B276BC002005CFE6B /* FirebaseAuth */,
				875AE82D276BC008005CFE6B /* FirebaseDatabase */,
				875AE82F276BC00F005CFE6B /* FirebaseFirestore */,
				875AE831276BC018005CFE6B /* FirebaseMessaging */,
				875AE833276BC020005CFE6B /* FirebaseStorage */,
				879AC003278C624200ABDD72 /* SDWebImageSwiftUI */,
			);
			productName = "Place-To-Place-b";
			productReference = 87251AF426CD47CE00DC22A9 /* Place-To-Place.app */;
			productType = "com.apple.product-type.application";
		};
/* End PBXNativeTarget section */

/* Begin PBXProject section */
		87251AEC26CD47CE00DC22A9 /* Project object */ = {
			isa = PBXProject;
			attributes = {
				LastSwiftUpdateCheck = 1250;
				LastUpgradeCheck = 1250;
				TargetAttributes = {
					87251AF326CD47CE00DC22A9 = {
						CreatedOnToolsVersion = 12.5.1;
					};
				};
			};
			buildConfigurationList = 87251AEF26CD47CE00DC22A9 /* Build configuration list for PBXProject "Place-To-Place" */;
			compatibilityVersion = "Xcode 9.3";
			developmentRegion = en;
			hasScannedForEncodings = 0;
			knownRegions = (
				en,
				Base,
			);
			mainGroup = 87251AEB26CD47CE00DC22A9;
			packageReferences = (
				87A1F7832744FB590079D7CF /* XCRemoteSwiftPackageReference "firebase-ios-sdk" */,
				879AC002278C624200ABDD72 /* XCRemoteSwiftPackageReference "SDWebImageSwiftUI" */,
			);
			productRefGroup = 87251AF526CD47CE00DC22A9 /* Products */;
			projectDirPath = "";
			projectRoot = "";
			targets = (
				87251AF326CD47CE00DC22A9 /* Place-To-Place */,
			);
		};
/* End PBXProject section */

/* Begin PBXResourcesBuildPhase section */
		87251AF226CD47CE00DC22A9 /* Resources */ = {
			isa = PBXResourcesBuildPhase;
			buildActionMask = 2147483647;
			files = (
				87251B0726CD47D200DC22A9 /* LaunchScreen.storyboard in Resources */,
				87500CBD273148E900C07818 /* GoogleService-Info.plist in Resources */,
				87251B0426CD47D200DC22A9 /* Preview Assets.xcassets in Resources */,
				87251B0126CD47D200DC22A9 /* Assets.xcassets in Resources */,
			);
			runOnlyForDeploymentPostprocessing = 0;
		};
/* End PBXResourcesBuildPhase section */

/* Begin PBXSourcesBuildPhase section */
		87251AF026CD47CE00DC22A9 /* Sources */ = {
			isa = PBXSourcesBuildPhase;
			buildActionMask = 2147483647;
			files = (
				879512B226EA9E5100DFD212 /* PlaceDetals.swift in Sources */,
				8761F85927920405005695BD /* ChatLogView.swift in Sources */,
				87251B2126CD634700DC22A9 /* TabViewPlace.swift in Sources */,
				8761F862279204F1005695BD /* ChatMessage.swift in Sources */,
				87089B6026E167BC007AA131 /* PlaceModel.swift in Sources */,
				87089B5926E1671B007AA131 /* AuthResalt.swift in Sources */,
				87393D6A27987DA3007E4A3B /* FirstPage.swift in Sources */,
				8761F856279203C8005695BD /* MainMessagesView.swift in Sources */,
				87DA93A42757B2B700451433 /* PlacePresent.swift in Sources */,
				87393D6E279880BE007E4A3B /* Indicator.swift in Sources */,
				877C910F26F4E72700452FD1 /* NewPlaceView.swift in Sources */,
				87FD31C7273EB466000C21E0 /* MapViewPresentBetta.swift in Sources */,
				87D0204C26FBD3A100C22D55 /* CategoryView.swift in Sources */,
				8761F8682792053D005695BD /* RecentMessage.swift in Sources */,
				87393D6C27987DC4007E4A3B /* ScndPage.swift in Sources */,
				87251AF826CD47CE00DC22A9 /* AppDelegate.swift in Sources */,
				879512B026EA904500DFD212 /* PlaceAnnatation.swift in Sources */,
				87251B2326CD8B8200DC22A9 /* PlaceListMap.swift in Sources */,
				87D0204E26FE820200C22D55 /* UrlImageView.swift in Sources */,
				8725858727A3341E0037BA4C /* ListPlace.swift in Sources */,
				879512AC26E8028400DFD212 /* FavoritList.swift in Sources */,
				87089B5B26E16739007AA131 /* UserError.swift in Sources */,
				87B25E0426D03BBF0008C719 /* PolicyView.swift in Sources */,
				879512A826E7DF6500DFD212 /* FirebaseData.swift in Sources */,
				875AE838276D2A53005CFE6B /* ComentsView.swift in Sources */,
				873243E326DD66D400E4F1FD /* OpenGallary.swift in Sources */,
				879B2090275E512600DEEC90 /* ImagePicker.swift in Sources */,
				87DA93AA2757B31400451433 /* MapViewPresent.swift in Sources */,
				87251AFF26CD47CE00DC22A9 /* Place_To_Place_b.xcdatamodeld in Sources */,
				87251AFA26CD47CE00DC22A9 /* SceneDelegate.swift in Sources */,
				8771C07F270CD03300830908 /* UserSetings.swift in Sources */,
				87C1FB4A27A5779800F9BB26 /* PlaceDetalsViewModel.swift in Sources */,
				87251B1526CD530A00DC22A9 /* ColorExtansion.swift in Sources */,
				8761F86627920526005695BD /* CreateNewMessageViewModel.swift in Sources */,
				8761F86427920509005695BD /* ChatLogViewModel.swift in Sources */,
				87089B5426E165F7007AA131 /* FirebaseAuthDatabase.swift in Sources */,
				879512AE26EA84EF00DFD212 /* Extansion-NavigationView.swift in Sources */,
				877728F92703AF5400AB244B /* StarsRatingView.swift in Sources */,
				87A9FCDB2799C56900BC90FA /* LaunchScrinView.swift in Sources */,
				879512AA26E7E1E600DFD212 /* UserModel.swift in Sources */,
				8750A1A427D297FB00F0C892 /* TestButtonDelete.swift in Sources */,
				87089B5726E166F3007AA131 /* AuthError.swift in Sources */,
				87089B5D26E1675D007AA131 /* Validators.swift in Sources */,
				87DA93A82757B2F600451433 /* HomeMapPresent.swift in Sources */,
				87251B1226CD490300DC22A9 /* PageViev.swift in Sources */,
				8761F86A27920553005695BD /* MainMessagesViewModel.swift in Sources */,
				87500CB9273015D400C07818 /* FavoritCell.swift in Sources */,
				87DA93A62757B2D700451433 /* MapViewModelPresent.swift in Sources */,
				873243E026DD5EB100E4F1FD /* RegisterView.swift in Sources */,
				87500CC12731823F00C07818 /* Notifications.swift in Sources */,
				87FD31C5273E43C0000C21E0 /* StaticFille.swift in Sources */,
				87534CB327AC00F0007A096C /* PhoneContactView.swift in Sources */,
				87D0204826FBCC3400C22D55 /* CategoryModel.swift in Sources */,
				8761F85C2792045A005695BD /* CreateNewMessageView.swift in Sources */,
				8761F85E279204C4005695BD /* ChatUsers.swift in Sources */,
				87251AFC26CD47CE00DC22A9 /* ContentView.swift in Sources */,
				877D8F2027AC1ABC00415272 /* ToggleContacts.swift in Sources */,
				8761F860279204DB005695BD /* FirebaseStatic.swift in Sources */,
				87B25E0826D03EA20008C719 /* WebViewRepresentebel.swift in Sources */,
				875AE836276BC592005CFE6B /* PresentImage.swift in Sources */,
			);
			runOnlyForDeploymentPostprocessing = 0;
		};
/* End PBXSourcesBuildPhase section */

/* Begin PBXVariantGroup section */
		87251B0526CD47D200DC22A9 /* LaunchScreen.storyboard */ = {
			isa = PBXVariantGroup;
			children = (
				87251B0626CD47D200DC22A9 /* Base */,
			);
			name = LaunchScreen.storyboard;
			sourceTree = "<group>";
		};
/* End PBXVariantGroup section */

/* Begin XCBuildConfiguration section */
		87251B0926CD47D200DC22A9 /* Debug */ = {
			isa = XCBuildConfiguration;
			buildSettings = {
				ALWAYS_SEARCH_USER_PATHS = NO;
				CLANG_ANALYZER_NONNULL = YES;
				CLANG_ANALYZER_NUMBER_OBJECT_CONVERSION = YES_AGGRESSIVE;
				CLANG_CXX_LANGUAGE_STANDARD = "gnu++14";
				CLANG_CXX_LIBRARY = "libc++";
				CLANG_ENABLE_MODULES = YES;
				CLANG_ENABLE_OBJC_ARC = YES;
				CLANG_ENABLE_OBJC_WEAK = YES;
				CLANG_WARN_BLOCK_CAPTURE_AUTORELEASING = YES;
				CLANG_WARN_BOOL_CONVERSION = YES;
				CLANG_WARN_COMMA = YES;
				CLANG_WARN_CONSTANT_CONVERSION = YES;
				CLANG_WARN_DEPRECATED_OBJC_IMPLEMENTATIONS = YES;
				CLANG_WARN_DIRECT_OBJC_ISA_USAGE = YES_ERROR;
				CLANG_WARN_DOCUMENTATION_COMMENTS = YES;
				CLANG_WARN_EMPTY_BODY = YES;
				CLANG_WARN_ENUM_CONVERSION = YES;
				CLANG_WARN_INFINITE_RECURSION = YES;
				CLANG_WARN_INT_CONVERSION = YES;
				CLANG_WARN_NON_LITERAL_NULL_CONVERSION = YES;
				CLANG_WARN_OBJC_IMPLICIT_RETAIN_SELF = YES;
				CLANG_WARN_OBJC_LITERAL_CONVERSION = YES;
				CLANG_WARN_OBJC_ROOT_CLASS = YES_ERROR;
				CLANG_WARN_QUOTED_INCLUDE_IN_FRAMEWORK_HEADER = YES;
				CLANG_WARN_RANGE_LOOP_ANALYSIS = YES;
				CLANG_WARN_STRICT_PROTOTYPES = YES;
				CLANG_WARN_SUSPICIOUS_MOVE = YES;
				CLANG_WARN_UNGUARDED_AVAILABILITY = YES_AGGRESSIVE;
				CLANG_WARN_UNREACHABLE_CODE = YES;
				CLANG_WARN__DUPLICATE_METHOD_MATCH = YES;
				COPY_PHASE_STRIP = NO;
				DEBUG_INFORMATION_FORMAT = dwarf;
				ENABLE_STRICT_OBJC_MSGSEND = YES;
				ENABLE_TESTABILITY = YES;
				GCC_C_LANGUAGE_STANDARD = gnu11;
				GCC_DYNAMIC_NO_PIC = NO;
				GCC_NO_COMMON_BLOCKS = YES;
				GCC_OPTIMIZATION_LEVEL = 0;
				GCC_PREPROCESSOR_DEFINITIONS = (
					"DEBUG=1",
					"$(inherited)",
				);
				GCC_WARN_64_TO_32_BIT_CONVERSION = YES;
				GCC_WARN_ABOUT_RETURN_TYPE = YES_ERROR;
				GCC_WARN_UNDECLARED_SELECTOR = YES;
				GCC_WARN_UNINITIALIZED_AUTOS = YES_AGGRESSIVE;
				GCC_WARN_UNUSED_FUNCTION = YES;
				GCC_WARN_UNUSED_VARIABLE = YES;
				IPHONEOS_DEPLOYMENT_TARGET = 14.5;
				MTL_ENABLE_DEBUG_INFO = INCLUDE_SOURCE;
				MTL_FAST_MATH = YES;
				ONLY_ACTIVE_ARCH = YES;
				SDKROOT = iphoneos;
				SWIFT_ACTIVE_COMPILATION_CONDITIONS = DEBUG;
				SWIFT_OPTIMIZATION_LEVEL = "-Onone";
			};
			name = Debug;
		};
		87251B0A26CD47D200DC22A9 /* Release */ = {
			isa = XCBuildConfiguration;
			buildSettings = {
				ALWAYS_SEARCH_USER_PATHS = NO;
				CLANG_ANALYZER_NONNULL = YES;
				CLANG_ANALYZER_NUMBER_OBJECT_CONVERSION = YES_AGGRESSIVE;
				CLANG_CXX_LANGUAGE_STANDARD = "gnu++14";
				CLANG_CXX_LIBRARY = "libc++";
				CLANG_ENABLE_MODULES = YES;
				CLANG_ENABLE_OBJC_ARC = YES;
				CLANG_ENABLE_OBJC_WEAK = YES;
				CLANG_WARN_BLOCK_CAPTURE_AUTORELEASING = YES;
				CLANG_WARN_BOOL_CONVERSION = YES;
				CLANG_WARN_COMMA = YES;
				CLANG_WARN_CONSTANT_CONVERSION = YES;
				CLANG_WARN_DEPRECATED_OBJC_IMPLEMENTATIONS = YES;
				CLANG_WARN_DIRECT_OBJC_ISA_USAGE = YES_ERROR;
				CLANG_WARN_DOCUMENTATION_COMMENTS = YES;
				CLANG_WARN_EMPTY_BODY = YES;
				CLANG_WARN_ENUM_CONVERSION = YES;
				CLANG_WARN_INFINITE_RECURSION = YES;
				CLANG_WARN_INT_CONVERSION = YES;
				CLANG_WARN_NON_LITERAL_NULL_CONVERSION = YES;
				CLANG_WARN_OBJC_IMPLICIT_RETAIN_SELF = YES;
				CLANG_WARN_OBJC_LITERAL_CONVERSION = YES;
				CLANG_WARN_OBJC_ROOT_CLASS = YES_ERROR;
				CLANG_WARN_QUOTED_INCLUDE_IN_FRAMEWORK_HEADER = YES;
				CLANG_WARN_RANGE_LOOP_ANALYSIS = YES;
				CLANG_WARN_STRICT_PROTOTYPES = YES;
				CLANG_WARN_SUSPICIOUS_MOVE = YES;
				CLANG_WARN_UNGUARDED_AVAILABILITY = YES_AGGRESSIVE;
				CLANG_WARN_UNREACHABLE_CODE = YES;
				CLANG_WARN__DUPLICATE_METHOD_MATCH = YES;
				COPY_PHASE_STRIP = NO;
				DEBUG_INFORMATION_FORMAT = "dwarf-with-dsym";
				ENABLE_NS_ASSERTIONS = NO;
				ENABLE_STRICT_OBJC_MSGSEND = YES;
				GCC_C_LANGUAGE_STANDARD = gnu11;
				GCC_NO_COMMON_BLOCKS = YES;
				GCC_WARN_64_TO_32_BIT_CONVERSION = YES;
				GCC_WARN_ABOUT_RETURN_TYPE = YES_ERROR;
				GCC_WARN_UNDECLARED_SELECTOR = YES;
				GCC_WARN_UNINITIALIZED_AUTOS = YES_AGGRESSIVE;
				GCC_WARN_UNUSED_FUNCTION = YES;
				GCC_WARN_UNUSED_VARIABLE = YES;
				IPHONEOS_DEPLOYMENT_TARGET = 14.5;
				MTL_ENABLE_DEBUG_INFO = NO;
				MTL_FAST_MATH = YES;
				SDKROOT = iphoneos;
				SWIFT_COMPILATION_MODE = wholemodule;
				SWIFT_OPTIMIZATION_LEVEL = "-O";
				VALIDATE_PRODUCT = YES;
			};
			name = Release;
		};
		87251B0C26CD47D200DC22A9 /* Debug */ = {
			isa = XCBuildConfiguration;
			buildSettings = {
				ASSETCATALOG_COMPILER_APPICON_NAME = AppIcon;
				ASSETCATALOG_COMPILER_GLOBAL_ACCENT_COLOR_NAME = AccentColor;
				CODE_SIGN_ENTITLEMENTS = "Place-To-Place-b/Place-To-Place-b.entitlements";
				CODE_SIGN_STYLE = Automatic;
				CURRENT_PROJECT_VERSION = 8;
				DEVELOPMENT_ASSET_PATHS = "\"Place-To-Place-b/Preview Content\"";
				DEVELOPMENT_TEAM = XYRYJ88DZU;
				ENABLE_PREVIEWS = YES;
				INFOPLIST_FILE = "Place-To-Place-b/Info.plist";
				IPHONEOS_DEPLOYMENT_TARGET = 14.2;
				LD_RUNPATH_SEARCH_PATHS = (
					"$(inherited)",
					"@executable_path/Frameworks",
				);
				MARKETING_VERSION = 1.1;
				PRODUCT_BUNDLE_IDENTIFIER = "SergeyGolubnik.Place-To-Place";
				PRODUCT_NAME = "$(TARGET_NAME)";
				SWIFT_VERSION = 5.0;
				TARGETED_DEVICE_FAMILY = 1;
			};
			name = Debug;
		};
		87251B0D26CD47D200DC22A9 /* Release */ = {
			isa = XCBuildConfiguration;
			buildSettings = {
				ASSETCATALOG_COMPILER_APPICON_NAME = AppIcon;
				ASSETCATALOG_COMPILER_GLOBAL_ACCENT_COLOR_NAME = AccentColor;
				CODE_SIGN_ENTITLEMENTS = "Place-To-Place-b/Place-To-Place-b.entitlements";
				CODE_SIGN_STYLE = Automatic;
				CURRENT_PROJECT_VERSION = 8;
				DEVELOPMENT_ASSET_PATHS = "\"Place-To-Place-b/Preview Content\"";
				DEVELOPMENT_TEAM = XYRYJ88DZU;
				ENABLE_PREVIEWS = YES;
				INFOPLIST_FILE = "Place-To-Place-b/Info.plist";
				IPHONEOS_DEPLOYMENT_TARGET = 14.2;
				LD_RUNPATH_SEARCH_PATHS = (
					"$(inherited)",
					"@executable_path/Frameworks",
				);
				MARKETING_VERSION = 1.1;
				PRODUCT_BUNDLE_IDENTIFIER = "SergeyGolubnik.Place-To-Place";
				PRODUCT_NAME = "$(TARGET_NAME)";
				SWIFT_VERSION = 5.0;
				TARGETED_DEVICE_FAMILY = 1;
			};
			name = Release;
		};
/* End XCBuildConfiguration section */

/* Begin XCConfigurationList section */
		87251AEF26CD47CE00DC22A9 /* Build configuration list for PBXProject "Place-To-Place" */ = {
			isa = XCConfigurationList;
			buildConfigurations = (
				87251B0926CD47D200DC22A9 /* Debug */,
				87251B0A26CD47D200DC22A9 /* Release */,
			);
			defaultConfigurationIsVisible = 0;
			defaultConfigurationName = Release;
		};
		87251B0B26CD47D200DC22A9 /* Build configuration list for PBXNativeTarget "Place-To-Place" */ = {
			isa = XCConfigurationList;
			buildConfigurations = (
				87251B0C26CD47D200DC22A9 /* Debug */,
				87251B0D26CD47D200DC22A9 /* Release */,
			);
			defaultConfigurationIsVisible = 0;
			defaultConfigurationName = Release;
		};
/* End XCConfigurationList section */

/* Begin XCRemoteSwiftPackageReference section */
		879AC002278C624200ABDD72 /* XCRemoteSwiftPackageReference "SDWebImageSwiftUI" */ = {
			isa = XCRemoteSwiftPackageReference;
			repositoryURL = "https://github.com/SDWebImage/SDWebImageSwiftUI.git";
			requirement = {
				kind = upToNextMajorVersion;
				minimumVersion = 2.0.0;
			};
		};
		87A1F7832744FB590079D7CF /* XCRemoteSwiftPackageReference "firebase-ios-sdk" */ = {
			isa = XCRemoteSwiftPackageReference;
			repositoryURL = "https://github.com/firebase/firebase-ios-sdk.git";
			requirement = {
				kind = upToNextMajorVersion;
				minimumVersion = 8.0.0;
			};
		};
/* End XCRemoteSwiftPackageReference section */

/* Begin XCSwiftPackageProductDependency section */
		875AE82B276BC002005CFE6B /* FirebaseAuth */ = {
			isa = XCSwiftPackageProductDependency;
			package = 87A1F7832744FB590079D7CF /* XCRemoteSwiftPackageReference "firebase-ios-sdk" */;
			productName = FirebaseAuth;
		};
		875AE82D276BC008005CFE6B /* FirebaseDatabase */ = {
			isa = XCSwiftPackageProductDependency;
			package = 87A1F7832744FB590079D7CF /* XCRemoteSwiftPackageReference "firebase-ios-sdk" */;
			productName = FirebaseDatabase;
		};
		875AE82F276BC00F005CFE6B /* FirebaseFirestore */ = {
			isa = XCSwiftPackageProductDependency;
			package = 87A1F7832744FB590079D7CF /* XCRemoteSwiftPackageReference "firebase-ios-sdk" */;
			productName = FirebaseFirestore;
		};
		875AE831276BC018005CFE6B /* FirebaseMessaging */ = {
			isa = XCSwiftPackageProductDependency;
			package = 87A1F7832744FB590079D7CF /* XCRemoteSwiftPackageReference "firebase-ios-sdk" */;
			productName = FirebaseMessaging;
		};
		875AE833276BC020005CFE6B /* FirebaseStorage */ = {
			isa = XCSwiftPackageProductDependency;
			package = 87A1F7832744FB590079D7CF /* XCRemoteSwiftPackageReference "firebase-ios-sdk" */;
			productName = FirebaseStorage;
		};
		879AC003278C624200ABDD72 /* SDWebImageSwiftUI */ = {
			isa = XCSwiftPackageProductDependency;
			package = 879AC002278C624200ABDD72 /* XCRemoteSwiftPackageReference "SDWebImageSwiftUI" */;
			productName = SDWebImageSwiftUI;
		};
/* End XCSwiftPackageProductDependency section */

/* Begin XCVersionGroup section */
		87251AFD26CD47CE00DC22A9 /* Place_To_Place_b.xcdatamodeld */ = {
			isa = XCVersionGroup;
			children = (
				87251AFE26CD47CE00DC22A9 /* Place_To_Place_b.xcdatamodel */,
			);
			currentVersion = 87251AFE26CD47CE00DC22A9 /* Place_To_Place_b.xcdatamodel */;
			path = Place_To_Place_b.xcdatamodeld;
			sourceTree = "<group>";
			versionGroupType = wrapper.xcdatamodel;
		};
/* End XCVersionGroup section */
	};
	rootObject = 87251AEC26CD47CE00DC22A9 /* Project object */;
}
