// !$*UTF8*$!
{
	archiveVersion = 1;
	classes = {
	};
	objectVersion = 51;
	objects = {

/* Begin PBXBuildFile section */
		749AC752DB8CBF8ED004B9AE /* Pods_Place_To_Place_b.framework in Frameworks */ = {isa = PBXBuildFile; fileRef = 0B873FB08C8E022CFCBA326F /* Pods_Place_To_Place_b.framework */; };
		87089B4F26E10DBC007AA131 /* RePasswordView.swift in Sources */ = {isa = PBXBuildFile; fileRef = 87089B4E26E10DBC007AA131 /* RePasswordView.swift */; };
		87089B5126E147EE007AA131 /* GoogleService-Info.plist in Resources */ = {isa = PBXBuildFile; fileRef = 87089B5026E147EE007AA131 /* GoogleService-Info.plist */; };
		87089B5426E165F7007AA131 /* FirebaseAuthDatabase.swift in Sources */ = {isa = PBXBuildFile; fileRef = 87089B5326E165F7007AA131 /* FirebaseAuthDatabase.swift */; };
		87089B5726E166F3007AA131 /* AuthError.swift in Sources */ = {isa = PBXBuildFile; fileRef = 87089B5626E166F3007AA131 /* AuthError.swift */; };
		87089B5926E1671B007AA131 /* AuthResalt.swift in Sources */ = {isa = PBXBuildFile; fileRef = 87089B5826E1671B007AA131 /* AuthResalt.swift */; };
		87089B5B26E16739007AA131 /* UserError.swift in Sources */ = {isa = PBXBuildFile; fileRef = 87089B5A26E16739007AA131 /* UserError.swift */; };
		87089B5D26E1675D007AA131 /* Validators.swift in Sources */ = {isa = PBXBuildFile; fileRef = 87089B5C26E1675D007AA131 /* Validators.swift */; };
		87089B6026E167BC007AA131 /* PlaceModel.swift in Sources */ = {isa = PBXBuildFile; fileRef = 87089B5F26E167BC007AA131 /* PlaceModel.swift */; };
		87251AF826CD47CE00DC22A9 /* AppDelegate.swift in Sources */ = {isa = PBXBuildFile; fileRef = 87251AF726CD47CE00DC22A9 /* AppDelegate.swift */; };
		87251AFA26CD47CE00DC22A9 /* SceneDelegate.swift in Sources */ = {isa = PBXBuildFile; fileRef = 87251AF926CD47CE00DC22A9 /* SceneDelegate.swift */; };
		87251AFC26CD47CE00DC22A9 /* ContentView.swift in Sources */ = {isa = PBXBuildFile; fileRef = 87251AFB26CD47CE00DC22A9 /* ContentView.swift */; };
		87251AFF26CD47CE00DC22A9 /* Place_To_Place_b.xcdatamodeld in Sources */ = {isa = PBXBuildFile; fileRef = 87251AFD26CD47CE00DC22A9 /* Place_To_Place_b.xcdatamodeld */; };
		87251B0126CD47D200DC22A9 /* Assets.xcassets in Resources */ = {isa = PBXBuildFile; fileRef = 87251B0026CD47D200DC22A9 /* Assets.xcassets */; };
		87251B0426CD47D200DC22A9 /* Preview Assets.xcassets in Resources */ = {isa = PBXBuildFile; fileRef = 87251B0326CD47D200DC22A9 /* Preview Assets.xcassets */; };
		87251B0726CD47D200DC22A9 /* LaunchScreen.storyboard in Resources */ = {isa = PBXBuildFile; fileRef = 87251B0526CD47D200DC22A9 /* LaunchScreen.storyboard */; };
		87251B1226CD490300DC22A9 /* PageViev1.swift in Sources */ = {isa = PBXBuildFile; fileRef = 87251B1126CD490300DC22A9 /* PageViev1.swift */; };
		87251B1526CD530A00DC22A9 /* ColorExtansion.swift in Sources */ = {isa = PBXBuildFile; fileRef = 87251B1426CD530900DC22A9 /* ColorExtansion.swift */; };
		87251B1726CD603F00DC22A9 /* PageViev2.swift in Sources */ = {isa = PBXBuildFile; fileRef = 87251B1626CD603F00DC22A9 /* PageViev2.swift */; };
		87251B1926CD608B00DC22A9 /* PageView3.swift in Sources */ = {isa = PBXBuildFile; fileRef = 87251B1826CD608B00DC22A9 /* PageView3.swift */; };
		87251B1B26CD621500DC22A9 /* PageView4.swift in Sources */ = {isa = PBXBuildFile; fileRef = 87251B1A26CD621500DC22A9 /* PageView4.swift */; };
		87251B1D26CD62AC00DC22A9 /* PageView5.swift in Sources */ = {isa = PBXBuildFile; fileRef = 87251B1C26CD62AC00DC22A9 /* PageView5.swift */; };
		87251B2126CD634700DC22A9 /* TabViewPlace.swift in Sources */ = {isa = PBXBuildFile; fileRef = 87251B2026CD634700DC22A9 /* TabViewPlace.swift */; };
		87251B2326CD8B8200DC22A9 /* PlaceListMap.swift in Sources */ = {isa = PBXBuildFile; fileRef = 87251B2226CD8B8200DC22A9 /* PlaceListMap.swift */; };
		87251B2526CD8D0800DC22A9 /* LoginView.swift in Sources */ = {isa = PBXBuildFile; fileRef = 87251B2426CD8D0800DC22A9 /* LoginView.swift */; };
		873243E026DD5EB100E4F1FD /* RegisterView.swift in Sources */ = {isa = PBXBuildFile; fileRef = 873243DF26DD5EB100E4F1FD /* RegisterView.swift */; };
		873243E326DD66D400E4F1FD /* OpenGallary.swift in Sources */ = {isa = PBXBuildFile; fileRef = 873243E226DD66D400E4F1FD /* OpenGallary.swift */; };
		879512A826E7DF6500DFD212 /* FirebaseData.swift in Sources */ = {isa = PBXBuildFile; fileRef = 879512A726E7DF6500DFD212 /* FirebaseData.swift */; };
		879512AA26E7E1E600DFD212 /* UserModel.swift in Sources */ = {isa = PBXBuildFile; fileRef = 879512A926E7E1E600DFD212 /* UserModel.swift */; };
		879512AC26E8028400DFD212 /* PlaceList.swift in Sources */ = {isa = PBXBuildFile; fileRef = 879512AB26E8028400DFD212 /* PlaceList.swift */; };
		87B25E0426D03BBF0008C719 /* PolicyView.swift in Sources */ = {isa = PBXBuildFile; fileRef = 87B25E0326D03BBF0008C719 /* PolicyView.swift */; };
		87B25E0826D03EA20008C719 /* WebViewRepresentebel.swift in Sources */ = {isa = PBXBuildFile; fileRef = 87B25E0726D03EA20008C719 /* WebViewRepresentebel.swift */; };
/* End PBXBuildFile section */

/* Begin PBXFileReference section */
		0B873FB08C8E022CFCBA326F /* Pods_Place_To_Place_b.framework */ = {isa = PBXFileReference; explicitFileType = wrapper.framework; includeInIndex = 0; path = Pods_Place_To_Place_b.framework; sourceTree = BUILT_PRODUCTS_DIR; };
		654F4CBE1792F9BD6AD04733 /* Pods-Place-To-Place-b.release.xcconfig */ = {isa = PBXFileReference; includeInIndex = 1; lastKnownFileType = text.xcconfig; name = "Pods-Place-To-Place-b.release.xcconfig"; path = "Target Support Files/Pods-Place-To-Place-b/Pods-Place-To-Place-b.release.xcconfig"; sourceTree = "<group>"; };
		87089B4E26E10DBC007AA131 /* RePasswordView.swift */ = {isa = PBXFileReference; lastKnownFileType = sourcecode.swift; path = RePasswordView.swift; sourceTree = "<group>"; };
		87089B5026E147EE007AA131 /* GoogleService-Info.plist */ = {isa = PBXFileReference; fileEncoding = 4; lastKnownFileType = text.plist.xml; name = "GoogleService-Info.plist"; path = "../../../../../../Downloads/GoogleService-Info.plist"; sourceTree = "<group>"; };
		87089B5326E165F7007AA131 /* FirebaseAuthDatabase.swift */ = {isa = PBXFileReference; lastKnownFileType = sourcecode.swift; path = FirebaseAuthDatabase.swift; sourceTree = "<group>"; };
		87089B5626E166F3007AA131 /* AuthError.swift */ = {isa = PBXFileReference; lastKnownFileType = sourcecode.swift; path = AuthError.swift; sourceTree = "<group>"; };
		87089B5826E1671B007AA131 /* AuthResalt.swift */ = {isa = PBXFileReference; lastKnownFileType = sourcecode.swift; path = AuthResalt.swift; sourceTree = "<group>"; };
		87089B5A26E16739007AA131 /* UserError.swift */ = {isa = PBXFileReference; lastKnownFileType = sourcecode.swift; path = UserError.swift; sourceTree = "<group>"; };
		87089B5C26E1675D007AA131 /* Validators.swift */ = {isa = PBXFileReference; lastKnownFileType = sourcecode.swift; path = Validators.swift; sourceTree = "<group>"; };
		87089B5F26E167BC007AA131 /* PlaceModel.swift */ = {isa = PBXFileReference; lastKnownFileType = sourcecode.swift; path = PlaceModel.swift; sourceTree = "<group>"; };
		87251AF426CD47CE00DC22A9 /* Place-To-Place-b.app */ = {isa = PBXFileReference; explicitFileType = wrapper.application; includeInIndex = 0; path = "Place-To-Place-b.app"; sourceTree = BUILT_PRODUCTS_DIR; };
		87251AF726CD47CE00DC22A9 /* AppDelegate.swift */ = {isa = PBXFileReference; lastKnownFileType = sourcecode.swift; path = AppDelegate.swift; sourceTree = "<group>"; };
		87251AF926CD47CE00DC22A9 /* SceneDelegate.swift */ = {isa = PBXFileReference; lastKnownFileType = sourcecode.swift; path = SceneDelegate.swift; sourceTree = "<group>"; };
		87251AFB26CD47CE00DC22A9 /* ContentView.swift */ = {isa = PBXFileReference; lastKnownFileType = sourcecode.swift; path = ContentView.swift; sourceTree = "<group>"; };
		87251AFE26CD47CE00DC22A9 /* Place_To_Place_b.xcdatamodel */ = {isa = PBXFileReference; lastKnownFileType = wrapper.xcdatamodel; path = Place_To_Place_b.xcdatamodel; sourceTree = "<group>"; };
		87251B0026CD47D200DC22A9 /* Assets.xcassets */ = {isa = PBXFileReference; lastKnownFileType = folder.assetcatalog; path = Assets.xcassets; sourceTree = "<group>"; };
		87251B0326CD47D200DC22A9 /* Preview Assets.xcassets */ = {isa = PBXFileReference; lastKnownFileType = folder.assetcatalog; path = "Preview Assets.xcassets"; sourceTree = "<group>"; };
		87251B0626CD47D200DC22A9 /* Base */ = {isa = PBXFileReference; lastKnownFileType = file.storyboard; name = Base; path = Base.lproj/LaunchScreen.storyboard; sourceTree = "<group>"; };
		87251B0826CD47D200DC22A9 /* Info.plist */ = {isa = PBXFileReference; lastKnownFileType = text.plist.xml; path = Info.plist; sourceTree = "<group>"; };
		87251B1126CD490300DC22A9 /* PageViev1.swift */ = {isa = PBXFileReference; lastKnownFileType = sourcecode.swift; path = PageViev1.swift; sourceTree = "<group>"; };
		87251B1426CD530900DC22A9 /* ColorExtansion.swift */ = {isa = PBXFileReference; lastKnownFileType = sourcecode.swift; path = ColorExtansion.swift; sourceTree = "<group>"; };
		87251B1626CD603F00DC22A9 /* PageViev2.swift */ = {isa = PBXFileReference; lastKnownFileType = sourcecode.swift; path = PageViev2.swift; sourceTree = "<group>"; };
		87251B1826CD608B00DC22A9 /* PageView3.swift */ = {isa = PBXFileReference; lastKnownFileType = sourcecode.swift; path = PageView3.swift; sourceTree = "<group>"; };
		87251B1A26CD621500DC22A9 /* PageView4.swift */ = {isa = PBXFileReference; lastKnownFileType = sourcecode.swift; path = PageView4.swift; sourceTree = "<group>"; };
		87251B1C26CD62AC00DC22A9 /* PageView5.swift */ = {isa = PBXFileReference; lastKnownFileType = sourcecode.swift; path = PageView5.swift; sourceTree = "<group>"; };
		87251B2026CD634700DC22A9 /* TabViewPlace.swift */ = {isa = PBXFileReference; lastKnownFileType = sourcecode.swift; path = TabViewPlace.swift; sourceTree = "<group>"; };
		87251B2226CD8B8200DC22A9 /* PlaceListMap.swift */ = {isa = PBXFileReference; lastKnownFileType = sourcecode.swift; path = PlaceListMap.swift; sourceTree = "<group>"; };
		87251B2426CD8D0800DC22A9 /* LoginView.swift */ = {isa = PBXFileReference; lastKnownFileType = sourcecode.swift; path = LoginView.swift; sourceTree = "<group>"; };
		873243DF26DD5EB100E4F1FD /* RegisterView.swift */ = {isa = PBXFileReference; lastKnownFileType = sourcecode.swift; path = RegisterView.swift; sourceTree = "<group>"; };
		873243E226DD66D400E4F1FD /* OpenGallary.swift */ = {isa = PBXFileReference; lastKnownFileType = sourcecode.swift; path = OpenGallary.swift; sourceTree = "<group>"; };
		879512A726E7DF6500DFD212 /* FirebaseData.swift */ = {isa = PBXFileReference; lastKnownFileType = sourcecode.swift; path = FirebaseData.swift; sourceTree = "<group>"; };
		879512A926E7E1E600DFD212 /* UserModel.swift */ = {isa = PBXFileReference; lastKnownFileType = sourcecode.swift; path = UserModel.swift; sourceTree = "<group>"; };
		879512AB26E8028400DFD212 /* PlaceList.swift */ = {isa = PBXFileReference; lastKnownFileType = sourcecode.swift; path = PlaceList.swift; sourceTree = "<group>"; };
		87B25E0326D03BBF0008C719 /* PolicyView.swift */ = {isa = PBXFileReference; lastKnownFileType = sourcecode.swift; path = PolicyView.swift; sourceTree = "<group>"; };
		87B25E0726D03EA20008C719 /* WebViewRepresentebel.swift */ = {isa = PBXFileReference; lastKnownFileType = sourcecode.swift; path = WebViewRepresentebel.swift; sourceTree = "<group>"; };
		ECCF4546A3D8544B55AAAD7F /* Pods-Place-To-Place-b.debug.xcconfig */ = {isa = PBXFileReference; includeInIndex = 1; lastKnownFileType = text.xcconfig; name = "Pods-Place-To-Place-b.debug.xcconfig"; path = "Target Support Files/Pods-Place-To-Place-b/Pods-Place-To-Place-b.debug.xcconfig"; sourceTree = "<group>"; };
/* End PBXFileReference section */

/* Begin PBXFrameworksBuildPhase section */
		87251AF126CD47CE00DC22A9 /* Frameworks */ = {
			isa = PBXFrameworksBuildPhase;
			buildActionMask = 2147483647;
			files = (
				749AC752DB8CBF8ED004B9AE /* Pods_Place_To_Place_b.framework in Frameworks */,
			);
			runOnlyForDeploymentPostprocessing = 0;
		};
/* End PBXFrameworksBuildPhase section */

/* Begin PBXGroup section */
		072FDF6ECD356F88DC1BC555 /* Frameworks */ = {
			isa = PBXGroup;
			children = (
				0B873FB08C8E022CFCBA326F /* Pods_Place_To_Place_b.framework */,
			);
			name = Frameworks;
			sourceTree = "<group>";
		};
		863C2AABD746DB498978940B /* Pods */ = {
			isa = PBXGroup;
			children = (
				ECCF4546A3D8544B55AAAD7F /* Pods-Place-To-Place-b.debug.xcconfig */,
				654F4CBE1792F9BD6AD04733 /* Pods-Place-To-Place-b.release.xcconfig */,
			);
			path = Pods;
			sourceTree = "<group>";
		};
		87089B5226E16517007AA131 /* Firebase-Auth-Database */ = {
			isa = PBXGroup;
			children = (
				87089B5326E165F7007AA131 /* FirebaseAuthDatabase.swift */,
				879512A726E7DF6500DFD212 /* FirebaseData.swift */,
			);
			path = "Firebase-Auth-Database";
			sourceTree = "<group>";
		};
		87089B5E26E1679C007AA131 /* Model */ = {
			isa = PBXGroup;
			children = (
				87089B5F26E167BC007AA131 /* PlaceModel.swift */,
				879512A926E7E1E600DFD212 /* UserModel.swift */,
			);
			path = Model;
			sourceTree = "<group>";
		};
		87251AEB26CD47CE00DC22A9 = {
			isa = PBXGroup;
			children = (
				87251AF626CD47CE00DC22A9 /* Place-To-Place-b */,
				87251AF526CD47CE00DC22A9 /* Products */,
				863C2AABD746DB498978940B /* Pods */,
				072FDF6ECD356F88DC1BC555 /* Frameworks */,
			);
			sourceTree = "<group>";
		};
		87251AF526CD47CE00DC22A9 /* Products */ = {
			isa = PBXGroup;
			children = (
				87251AF426CD47CE00DC22A9 /* Place-To-Place-b.app */,
			);
			name = Products;
			sourceTree = "<group>";
		};
		87251AF626CD47CE00DC22A9 /* Place-To-Place-b */ = {
			isa = PBXGroup;
			children = (
				87089B5E26E1679C007AA131 /* Model */,
				87089B5226E16517007AA131 /* Firebase-Auth-Database */,
				873243E126DD669200E4F1FD /* Helper */,
				87B25E0926D050AD0008C719 /* LoginRegister */,
				87B25E0526D03C030008C719 /* StartView */,
				87251B1F26CD632000DC22A9 /* TabView */,
				87251B1326CD52E700DC22A9 /* Extansion */,
				87B25E0A26D051250008C719 /* SuportingFile */,
				87251B0826CD47D200DC22A9 /* Info.plist */,
				87251AFD26CD47CE00DC22A9 /* Place_To_Place_b.xcdatamodeld */,
				87089B5026E147EE007AA131 /* GoogleService-Info.plist */,
				87251B0226CD47D200DC22A9 /* Preview Content */,
			);
			path = "Place-To-Place-b";
			sourceTree = "<group>";
		};
		87251B0226CD47D200DC22A9 /* Preview Content */ = {
			isa = PBXGroup;
			children = (
				87251B0326CD47D200DC22A9 /* Preview Assets.xcassets */,
			);
			path = "Preview Content";
			sourceTree = "<group>";
		};
		87251B1026CD48D500DC22A9 /* PageView */ = {
			isa = PBXGroup;
			children = (
				87251B1126CD490300DC22A9 /* PageViev1.swift */,
				87251B1626CD603F00DC22A9 /* PageViev2.swift */,
				87251B1826CD608B00DC22A9 /* PageView3.swift */,
				87251B1A26CD621500DC22A9 /* PageView4.swift */,
				87251B1C26CD62AC00DC22A9 /* PageView5.swift */,
				87B25E0326D03BBF0008C719 /* PolicyView.swift */,
			);
			path = PageView;
			sourceTree = "<group>";
		};
		87251B1326CD52E700DC22A9 /* Extansion */ = {
			isa = PBXGroup;
			children = (
				87251B1426CD530900DC22A9 /* ColorExtansion.swift */,
			);
			path = Extansion;
			sourceTree = "<group>";
		};
		87251B1F26CD632000DC22A9 /* TabView */ = {
			isa = PBXGroup;
			children = (
				87B25E0B26D051600008C719 /* PlaceList */,
				87251B2026CD634700DC22A9 /* TabViewPlace.swift */,
			);
			path = TabView;
			sourceTree = "<group>";
		};
		873243E126DD669200E4F1FD /* Helper */ = {
			isa = PBXGroup;
			children = (
				873243E226DD66D400E4F1FD /* OpenGallary.swift */,
				87089B5626E166F3007AA131 /* AuthError.swift */,
				87089B5826E1671B007AA131 /* AuthResalt.swift */,
				87089B5A26E16739007AA131 /* UserError.swift */,
				87089B5C26E1675D007AA131 /* Validators.swift */,
			);
			path = Helper;
			sourceTree = "<group>";
		};
		87B25E0526D03C030008C719 /* StartView */ = {
			isa = PBXGroup;
			children = (
				87B25E0626D03E510008C719 /* UIKit-WebView */,
				87251B1026CD48D500DC22A9 /* PageView */,
				87251AFB26CD47CE00DC22A9 /* ContentView.swift */,
			);
			path = StartView;
			sourceTree = "<group>";
		};
		87B25E0626D03E510008C719 /* UIKit-WebView */ = {
			isa = PBXGroup;
			children = (
				87B25E0726D03EA20008C719 /* WebViewRepresentebel.swift */,
			);
			path = "UIKit-WebView";
			sourceTree = "<group>";
		};
		87B25E0926D050AD0008C719 /* LoginRegister */ = {
			isa = PBXGroup;
			children = (
				87251B2426CD8D0800DC22A9 /* LoginView.swift */,
				873243DF26DD5EB100E4F1FD /* RegisterView.swift */,
				87089B4E26E10DBC007AA131 /* RePasswordView.swift */,
			);
			path = LoginRegister;
			sourceTree = "<group>";
		};
		87B25E0A26D051250008C719 /* SuportingFile */ = {
			isa = PBXGroup;
			children = (
				87251AF726CD47CE00DC22A9 /* AppDelegate.swift */,
				87251AF926CD47CE00DC22A9 /* SceneDelegate.swift */,
				87251B0026CD47D200DC22A9 /* Assets.xcassets */,
				87251B0526CD47D200DC22A9 /* LaunchScreen.storyboard */,
			);
			path = SuportingFile;
			sourceTree = "<group>";
		};
		87B25E0B26D051600008C719 /* PlaceList */ = {
			isa = PBXGroup;
			children = (
				87251B2226CD8B8200DC22A9 /* PlaceListMap.swift */,
				879512AB26E8028400DFD212 /* PlaceList.swift */,
			);
			path = PlaceList;
			sourceTree = "<group>";
		};
/* End PBXGroup section */

/* Begin PBXNativeTarget section */
		87251AF326CD47CE00DC22A9 /* Place-To-Place-b */ = {
			isa = PBXNativeTarget;
			buildConfigurationList = 87251B0B26CD47D200DC22A9 /* Build configuration list for PBXNativeTarget "Place-To-Place-b" */;
			buildPhases = (
				DF681E5269F246BF5DA13C60 /* [CP] Check Pods Manifest.lock */,
				87251AF026CD47CE00DC22A9 /* Sources */,
				87251AF126CD47CE00DC22A9 /* Frameworks */,
				87251AF226CD47CE00DC22A9 /* Resources */,
				CB3472BA9E1F0D83E96BCD22 /* [CP] Embed Pods Frameworks */,
			);
			buildRules = (
			);
			dependencies = (
			);
			name = "Place-To-Place-b";
			productName = "Place-To-Place-b";
			productReference = 87251AF426CD47CE00DC22A9 /* Place-To-Place-b.app */;
			productType = "com.apple.product-type.application";
		};
/* End PBXNativeTarget section */

/* Begin PBXProject section */
		87251AEC26CD47CE00DC22A9 /* Project object */ = {
			isa = PBXProject;
			attributes = {
				LastSwiftUpdateCheck = 1250;
				LastUpgradeCheck = 1250;
				TargetAttributes = {
					87251AF326CD47CE00DC22A9 = {
						CreatedOnToolsVersion = 12.5.1;
					};
				};
			};
			buildConfigurationList = 87251AEF26CD47CE00DC22A9 /* Build configuration list for PBXProject "Place-To-Place-b" */;
			compatibilityVersion = "Xcode 9.3";
			developmentRegion = en;
			hasScannedForEncodings = 0;
			knownRegions = (
				en,
				Base,
			);
			mainGroup = 87251AEB26CD47CE00DC22A9;
			productRefGroup = 87251AF526CD47CE00DC22A9 /* Products */;
			projectDirPath = "";
			projectRoot = "";
			targets = (
				87251AF326CD47CE00DC22A9 /* Place-To-Place-b */,
			);
		};
/* End PBXProject section */

/* Begin PBXResourcesBuildPhase section */
		87251AF226CD47CE00DC22A9 /* Resources */ = {
			isa = PBXResourcesBuildPhase;
			buildActionMask = 2147483647;
			files = (
				87251B0726CD47D200DC22A9 /* LaunchScreen.storyboard in Resources */,
				87089B5126E147EE007AA131 /* GoogleService-Info.plist in Resources */,
				87251B0426CD47D200DC22A9 /* Preview Assets.xcassets in Resources */,
				87251B0126CD47D200DC22A9 /* Assets.xcassets in Resources */,
			);
			runOnlyForDeploymentPostprocessing = 0;
		};
/* End PBXResourcesBuildPhase section */

/* Begin PBXShellScriptBuildPhase section */
		CB3472BA9E1F0D83E96BCD22 /* [CP] Embed Pods Frameworks */ = {
			isa = PBXShellScriptBuildPhase;
			buildActionMask = 2147483647;
			files = (
			);
			inputFileListPaths = (
				"${PODS_ROOT}/Target Support Files/Pods-Place-To-Place-b/Pods-Place-To-Place-b-frameworks-${CONFIGURATION}-input-files.xcfilelist",
			);
			name = "[CP] Embed Pods Frameworks";
			outputFileListPaths = (
				"${PODS_ROOT}/Target Support Files/Pods-Place-To-Place-b/Pods-Place-To-Place-b-frameworks-${CONFIGURATION}-output-files.xcfilelist",
			);
			runOnlyForDeploymentPostprocessing = 0;
			shellPath = /bin/sh;
			shellScript = "\"${PODS_ROOT}/Target Support Files/Pods-Place-To-Place-b/Pods-Place-To-Place-b-frameworks.sh\"\n";
			showEnvVarsInLog = 0;
		};
		DF681E5269F246BF5DA13C60 /* [CP] Check Pods Manifest.lock */ = {
			isa = PBXShellScriptBuildPhase;
			buildActionMask = 2147483647;
			files = (
			);
			inputFileListPaths = (
			);
			inputPaths = (
				"${PODS_PODFILE_DIR_PATH}/Podfile.lock",
				"${PODS_ROOT}/Manifest.lock",
			);
			name = "[CP] Check Pods Manifest.lock";
			outputFileListPaths = (
			);
			outputPaths = (
				"$(DERIVED_FILE_DIR)/Pods-Place-To-Place-b-checkManifestLockResult.txt",
			);
			runOnlyForDeploymentPostprocessing = 0;
			shellPath = /bin/sh;
			shellScript = "diff \"${PODS_PODFILE_DIR_PATH}/Podfile.lock\" \"${PODS_ROOT}/Manifest.lock\" > /dev/null\nif [ $? != 0 ] ; then\n    # print error to STDERR\n    echo \"error: The sandbox is not in sync with the Podfile.lock. Run 'pod install' or update your CocoaPods installation.\" >&2\n    exit 1\nfi\n# This output is used by Xcode 'outputs' to avoid re-running this script phase.\necho \"SUCCESS\" > \"${SCRIPT_OUTPUT_FILE_0}\"\n";
			showEnvVarsInLog = 0;
		};
/* End PBXShellScriptBuildPhase section */

/* Begin PBXSourcesBuildPhase section */
		87251AF026CD47CE00DC22A9 /* Sources */ = {
			isa = PBXSourcesBuildPhase;
			buildActionMask = 2147483647;
			files = (
				87251B2126CD634700DC22A9 /* TabViewPlace.swift in Sources */,
				87089B6026E167BC007AA131 /* PlaceModel.swift in Sources */,
				87089B5926E1671B007AA131 /* AuthResalt.swift in Sources */,
				87251B1B26CD621500DC22A9 /* PageView4.swift in Sources */,
				87251AF826CD47CE00DC22A9 /* AppDelegate.swift in Sources */,
				87251B2326CD8B8200DC22A9 /* PlaceListMap.swift in Sources */,
				879512AC26E8028400DFD212 /* PlaceList.swift in Sources */,
				87089B5B26E16739007AA131 /* UserError.swift in Sources */,
				87B25E0426D03BBF0008C719 /* PolicyView.swift in Sources */,
				879512A826E7DF6500DFD212 /* FirebaseData.swift in Sources */,
				873243E326DD66D400E4F1FD /* OpenGallary.swift in Sources */,
				87251AFF26CD47CE00DC22A9 /* Place_To_Place_b.xcdatamodeld in Sources */,
				87251B1D26CD62AC00DC22A9 /* PageView5.swift in Sources */,
				87089B4F26E10DBC007AA131 /* RePasswordView.swift in Sources */,
				87251AFA26CD47CE00DC22A9 /* SceneDelegate.swift in Sources */,
				87251B1526CD530A00DC22A9 /* ColorExtansion.swift in Sources */,
				87251B1726CD603F00DC22A9 /* PageViev2.swift in Sources */,
				87089B5426E165F7007AA131 /* FirebaseAuthDatabase.swift in Sources */,
				87251B1926CD608B00DC22A9 /* PageView3.swift in Sources */,
				879512AA26E7E1E600DFD212 /* UserModel.swift in Sources */,
				87089B5726E166F3007AA131 /* AuthError.swift in Sources */,
				87251B2526CD8D0800DC22A9 /* LoginView.swift in Sources */,
				87089B5D26E1675D007AA131 /* Validators.swift in Sources */,
				87251B1226CD490300DC22A9 /* PageViev1.swift in Sources */,
				873243E026DD5EB100E4F1FD /* RegisterView.swift in Sources */,
				87251AFC26CD47CE00DC22A9 /* ContentView.swift in Sources */,
				87B25E0826D03EA20008C719 /* WebViewRepresentebel.swift in Sources */,
			);
			runOnlyForDeploymentPostprocessing = 0;
		};
/* End PBXSourcesBuildPhase section */

/* Begin PBXVariantGroup section */
		87251B0526CD47D200DC22A9 /* LaunchScreen.storyboard */ = {
			isa = PBXVariantGroup;
			children = (
				87251B0626CD47D200DC22A9 /* Base */,
			);
			name = LaunchScreen.storyboard;
			sourceTree = "<group>";
		};
/* End PBXVariantGroup section */

/* Begin XCBuildConfiguration section */
		87251B0926CD47D200DC22A9 /* Debug */ = {
			isa = XCBuildConfiguration;
			buildSettings = {
				ALWAYS_SEARCH_USER_PATHS = NO;
				CLANG_ANALYZER_NONNULL = YES;
				CLANG_ANALYZER_NUMBER_OBJECT_CONVERSION = YES_AGGRESSIVE;
				CLANG_CXX_LANGUAGE_STANDARD = "gnu++14";
				CLANG_CXX_LIBRARY = "libc++";
				CLANG_ENABLE_MODULES = YES;
				CLANG_ENABLE_OBJC_ARC = YES;
				CLANG_ENABLE_OBJC_WEAK = YES;
				CLANG_WARN_BLOCK_CAPTURE_AUTORELEASING = YES;
				CLANG_WARN_BOOL_CONVERSION = YES;
				CLANG_WARN_COMMA = YES;
				CLANG_WARN_CONSTANT_CONVERSION = YES;
				CLANG_WARN_DEPRECATED_OBJC_IMPLEMENTATIONS = YES;
				CLANG_WARN_DIRECT_OBJC_ISA_USAGE = YES_ERROR;
				CLANG_WARN_DOCUMENTATION_COMMENTS = YES;
				CLANG_WARN_EMPTY_BODY = YES;
				CLANG_WARN_ENUM_CONVERSION = YES;
				CLANG_WARN_INFINITE_RECURSION = YES;
				CLANG_WARN_INT_CONVERSION = YES;
				CLANG_WARN_NON_LITERAL_NULL_CONVERSION = YES;
				CLANG_WARN_OBJC_IMPLICIT_RETAIN_SELF = YES;
				CLANG_WARN_OBJC_LITERAL_CONVERSION = YES;
				CLANG_WARN_OBJC_ROOT_CLASS = YES_ERROR;
				CLANG_WARN_QUOTED_INCLUDE_IN_FRAMEWORK_HEADER = YES;
				CLANG_WARN_RANGE_LOOP_ANALYSIS = YES;
				CLANG_WARN_STRICT_PROTOTYPES = YES;
				CLANG_WARN_SUSPICIOUS_MOVE = YES;
				CLANG_WARN_UNGUARDED_AVAILABILITY = YES_AGGRESSIVE;
				CLANG_WARN_UNREACHABLE_CODE = YES;
				CLANG_WARN__DUPLICATE_METHOD_MATCH = YES;
				COPY_PHASE_STRIP = NO;
				DEBUG_INFORMATION_FORMAT = dwarf;
				ENABLE_STRICT_OBJC_MSGSEND = YES;
				ENABLE_TESTABILITY = YES;
				GCC_C_LANGUAGE_STANDARD = gnu11;
				GCC_DYNAMIC_NO_PIC = NO;
				GCC_NO_COMMON_BLOCKS = YES;
				GCC_OPTIMIZATION_LEVEL = 0;
				GCC_PREPROCESSOR_DEFINITIONS = (
					"DEBUG=1",
					"$(inherited)",
				);
				GCC_WARN_64_TO_32_BIT_CONVERSION = YES;
				GCC_WARN_ABOUT_RETURN_TYPE = YES_ERROR;
				GCC_WARN_UNDECLARED_SELECTOR = YES;
				GCC_WARN_UNINITIALIZED_AUTOS = YES_AGGRESSIVE;
				GCC_WARN_UNUSED_FUNCTION = YES;
				GCC_WARN_UNUSED_VARIABLE = YES;
				IPHONEOS_DEPLOYMENT_TARGET = 14.5;
				MTL_ENABLE_DEBUG_INFO = INCLUDE_SOURCE;
				MTL_FAST_MATH = YES;
				ONLY_ACTIVE_ARCH = YES;
				SDKROOT = iphoneos;
				SWIFT_ACTIVE_COMPILATION_CONDITIONS = DEBUG;
				SWIFT_OPTIMIZATION_LEVEL = "-Onone";
			};
			name = Debug;
		};
		87251B0A26CD47D200DC22A9 /* Release */ = {
			isa = XCBuildConfiguration;
			buildSettings = {
				ALWAYS_SEARCH_USER_PATHS = NO;
				CLANG_ANALYZER_NONNULL = YES;
				CLANG_ANALYZER_NUMBER_OBJECT_CONVERSION = YES_AGGRESSIVE;
				CLANG_CXX_LANGUAGE_STANDARD = "gnu++14";
				CLANG_CXX_LIBRARY = "libc++";
				CLANG_ENABLE_MODULES = YES;
				CLANG_ENABLE_OBJC_ARC = YES;
				CLANG_ENABLE_OBJC_WEAK = YES;
				CLANG_WARN_BLOCK_CAPTURE_AUTORELEASING = YES;
				CLANG_WARN_BOOL_CONVERSION = YES;
				CLANG_WARN_COMMA = YES;
				CLANG_WARN_CONSTANT_CONVERSION = YES;
				CLANG_WARN_DEPRECATED_OBJC_IMPLEMENTATIONS = YES;
				CLANG_WARN_DIRECT_OBJC_ISA_USAGE = YES_ERROR;
				CLANG_WARN_DOCUMENTATION_COMMENTS = YES;
				CLANG_WARN_EMPTY_BODY = YES;
				CLANG_WARN_ENUM_CONVERSION = YES;
				CLANG_WARN_INFINITE_RECURSION = YES;
				CLANG_WARN_INT_CONVERSION = YES;
				CLANG_WARN_NON_LITERAL_NULL_CONVERSION = YES;
				CLANG_WARN_OBJC_IMPLICIT_RETAIN_SELF = YES;
				CLANG_WARN_OBJC_LITERAL_CONVERSION = YES;
				CLANG_WARN_OBJC_ROOT_CLASS = YES_ERROR;
				CLANG_WARN_QUOTED_INCLUDE_IN_FRAMEWORK_HEADER = YES;
				CLANG_WARN_RANGE_LOOP_ANALYSIS = YES;
				CLANG_WARN_STRICT_PROTOTYPES = YES;
				CLANG_WARN_SUSPICIOUS_MOVE = YES;
				CLANG_WARN_UNGUARDED_AVAILABILITY = YES_AGGRESSIVE;
				CLANG_WARN_UNREACHABLE_CODE = YES;
				CLANG_WARN__DUPLICATE_METHOD_MATCH = YES;
				COPY_PHASE_STRIP = NO;
				DEBUG_INFORMATION_FORMAT = "dwarf-with-dsym";
				ENABLE_NS_ASSERTIONS = NO;
				ENABLE_STRICT_OBJC_MSGSEND = YES;
				GCC_C_LANGUAGE_STANDARD = gnu11;
				GCC_NO_COMMON_BLOCKS = YES;
				GCC_WARN_64_TO_32_BIT_CONVERSION = YES;
				GCC_WARN_ABOUT_RETURN_TYPE = YES_ERROR;
				GCC_WARN_UNDECLARED_SELECTOR = YES;
				GCC_WARN_UNINITIALIZED_AUTOS = YES_AGGRESSIVE;
				GCC_WARN_UNUSED_FUNCTION = YES;
				GCC_WARN_UNUSED_VARIABLE = YES;
				IPHONEOS_DEPLOYMENT_TARGET = 14.5;
				MTL_ENABLE_DEBUG_INFO = NO;
				MTL_FAST_MATH = YES;
				SDKROOT = iphoneos;
				SWIFT_COMPILATION_MODE = wholemodule;
				SWIFT_OPTIMIZATION_LEVEL = "-O";
				VALIDATE_PRODUCT = YES;
			};
			name = Release;
		};
		87251B0C26CD47D200DC22A9 /* Debug */ = {
			isa = XCBuildConfiguration;
			baseConfigurationReference = ECCF4546A3D8544B55AAAD7F /* Pods-Place-To-Place-b.debug.xcconfig */;
			buildSettings = {
				ASSETCATALOG_COMPILER_APPICON_NAME = AppIcon;
				ASSETCATALOG_COMPILER_GLOBAL_ACCENT_COLOR_NAME = AccentColor;
				CODE_SIGN_STYLE = Automatic;
				DEVELOPMENT_ASSET_PATHS = "\"Place-To-Place-b/Preview Content\"";
				DEVELOPMENT_TEAM = XYRYJ88DZU;
				ENABLE_PREVIEWS = YES;
				INFOPLIST_FILE = "Place-To-Place-b/Info.plist";
				IPHONEOS_DEPLOYMENT_TARGET = 14.1;
				LD_RUNPATH_SEARCH_PATHS = (
					"$(inherited)",
					"@executable_path/Frameworks",
				);
				PRODUCT_BUNDLE_IDENTIFIER = "SergeyGolubnik.Place-To-Place-b";
				PRODUCT_NAME = "$(TARGET_NAME)";
				SWIFT_VERSION = 5.0;
				TARGETED_DEVICE_FAMILY = 1;
			};
			name = Debug;
		};
		87251B0D26CD47D200DC22A9 /* Release */ = {
			isa = XCBuildConfiguration;
			baseConfigurationReference = 654F4CBE1792F9BD6AD04733 /* Pods-Place-To-Place-b.release.xcconfig */;
			buildSettings = {
				ASSETCATALOG_COMPILER_APPICON_NAME = AppIcon;
				ASSETCATALOG_COMPILER_GLOBAL_ACCENT_COLOR_NAME = AccentColor;
				CODE_SIGN_STYLE = Automatic;
				DEVELOPMENT_ASSET_PATHS = "\"Place-To-Place-b/Preview Content\"";
				DEVELOPMENT_TEAM = XYRYJ88DZU;
				ENABLE_PREVIEWS = YES;
				INFOPLIST_FILE = "Place-To-Place-b/Info.plist";
				IPHONEOS_DEPLOYMENT_TARGET = 14.1;
				LD_RUNPATH_SEARCH_PATHS = (
					"$(inherited)",
					"@executable_path/Frameworks",
				);
				PRODUCT_BUNDLE_IDENTIFIER = "SergeyGolubnik.Place-To-Place-b";
				PRODUCT_NAME = "$(TARGET_NAME)";
				SWIFT_VERSION = 5.0;
				TARGETED_DEVICE_FAMILY = 1;
			};
			name = Release;
		};
/* End XCBuildConfiguration section */

/* Begin XCConfigurationList section */
		87251AEF26CD47CE00DC22A9 /* Build configuration list for PBXProject "Place-To-Place-b" */ = {
			isa = XCConfigurationList;
			buildConfigurations = (
				87251B0926CD47D200DC22A9 /* Debug */,
				87251B0A26CD47D200DC22A9 /* Release */,
			);
			defaultConfigurationIsVisible = 0;
			defaultConfigurationName = Release;
		};
		87251B0B26CD47D200DC22A9 /* Build configuration list for PBXNativeTarget "Place-To-Place-b" */ = {
			isa = XCConfigurationList;
			buildConfigurations = (
				87251B0C26CD47D200DC22A9 /* Debug */,
				87251B0D26CD47D200DC22A9 /* Release */,
			);
			defaultConfigurationIsVisible = 0;
			defaultConfigurationName = Release;
		};
/* End XCConfigurationList section */

/* Begin XCVersionGroup section */
		87251AFD26CD47CE00DC22A9 /* Place_To_Place_b.xcdatamodeld */ = {
			isa = XCVersionGroup;
			children = (
				87251AFE26CD47CE00DC22A9 /* Place_To_Place_b.xcdatamodel */,
			);
			currentVersion = 87251AFE26CD47CE00DC22A9 /* Place_To_Place_b.xcdatamodel */;
			path = Place_To_Place_b.xcdatamodeld;
			sourceTree = "<group>";
			versionGroupType = wrapper.xcdatamodel;
		};
/* End XCVersionGroup section */
	};
	rootObject = 87251AEC26CD47CE00DC22A9 /* Project object */;
}
